// !$*UTF8*$!
{
	archiveVersion = 1;
	classes = {
	};
	objectVersion = 56;
	objects = {

/* Begin PBXBuildFile section */
		1100000000000001 /* CashuWalletApp.swift in Sources */ = {isa = PBXBuildFile; fileRef = 2100000000000001 /* CashuWalletApp.swift */; };
		1100000000000002 /* ContentView.swift in Sources */ = {isa = PBXBuildFile; fileRef = 2100000000000002 /* ContentView.swift */; };
		1100000000000004 /* WalletManager.swift in Sources */ = {isa = PBXBuildFile; fileRef = 2100000000000004 /* WalletManager.swift */; };
		1100000000000005 /* KeychainService.swift in Sources */ = {isa = PBXBuildFile; fileRef = 2100000000000005 /* KeychainService.swift */; };
		1100000000000007 /* MainWalletView.swift in Sources */ = {isa = PBXBuildFile; fileRef = 2100000000000007 /* MainWalletView.swift */; };
		1100000000000008 /* OnboardingView.swift in Sources */ = {isa = PBXBuildFile; fileRef = 2100000000000008 /* OnboardingView.swift */; };
		1100000000000009 /* ReceiveView.swift in Sources */ = {isa = PBXBuildFile; fileRef = 2100000000000009 /* ReceiveView.swift */; };
		110000000000000A /* ReceiveLightningView.swift in Sources */ = {isa = PBXBuildFile; fileRef = 210000000000000A /* ReceiveLightningView.swift */; };
		110000000000000B /* SendView.swift in Sources */ = {isa = PBXBuildFile; fileRef = 210000000000000B /* SendView.swift */; };
		110000000000000C /* MintsListView.swift in Sources */ = {isa = PBXBuildFile; fileRef = 210000000000000C /* MintsListView.swift */; };
		110000000000000D /* HistoryView.swift in Sources */ = {isa = PBXBuildFile; fileRef = 210000000000000D /* HistoryView.swift */; };
		110000000000000E /* SettingsView.swift in Sources */ = {isa = PBXBuildFile; fileRef = 210000000000000E /* SettingsView.swift */; };
		1100000000000010 /* QRCodeView.swift in Sources */ = {isa = PBXBuildFile; fileRef = 2100000000000010 /* QRCodeView.swift */; };
		1100000000000012 /* Assets.xcassets in Resources */ = {isa = PBXBuildFile; fileRef = 2100000000000012 /* Assets.xcassets */; };
		11000000000000CC /* MintDetailView.swift in Sources */ = {isa = PBXBuildFile; fileRef = 21000000000000CC /* MintDetailView.swift */; };
		11000000000000CD /* MintDiscoverySheet.swift in Sources */ = {isa = PBXBuildFile; fileRef = 21000000000000CD /* MintDiscoverySheet.swift */; };
		11000000000000CE /* AddMintSheet.swift in Sources */ = {isa = PBXBuildFile; fileRef = 21000000000000CE /* AddMintSheet.swift */; };
		11000000000000CF /* MintMethodIcons.swift in Sources */ = {isa = PBXBuildFile; fileRef = 21000000000000CF /* MintMethodIcons.swift */; };
		13919761D160B56C1BD7FDB4 /* Foundation.framework in Frameworks */ = {isa = PBXBuildFile; fileRef = 460F5508C2B82DAECD0FEDDB /* Foundation.framework */; };
		264054F18D12335595328FBC /* LiquidGlassModifiers.swift in Sources */ = {isa = PBXBuildFile; fileRef = 3DC08FE85DFC643906176894 /* LiquidGlassModifiers.swift */; };
		349E3802577110813AC1A9E3 /* NutshellIntegrationTests.swift in Sources */ = {isa = PBXBuildFile; fileRef = 72DD529F60A8D9D1A81E3FBB /* NutshellIntegrationTests.swift */; };
		67BDAA1154A191D7ACD57E34 /* WalletIntegrationTests.swift in Sources */ = {isa = PBXBuildFile; fileRef = 99846FC03810AE4BE904466F /* WalletIntegrationTests.swift */; };
		6A8EC9302F2442F00058C21B /* SettingsManager.swift in Sources */ = {isa = PBXBuildFile; fileRef = 6A8EC92F2F2442EF0058C21B /* SettingsManager.swift */; };
		6A8EC9322F2448B60058C21B /* MintDiscoveryManager.swift in Sources */ = {isa = PBXBuildFile; fileRef = 6A8EC9312F2448B60058C21B /* MintDiscoveryManager.swift */; };
		6A8EC9342F244BD80058C21B /* ScannerWrapperView.swift in Sources */ = {isa = PBXBuildFile; fileRef = 6A8EC9332F244BD80058C21B /* ScannerWrapperView.swift */; };
		6A8EC9362F244C8C0058C21B /* TransactionDetailView.swift in Sources */ = {isa = PBXBuildFile; fileRef = 6A8EC9352F244C8C0058C21B /* TransactionDetailView.swift */; };
		6A8EC93F2F256F350058C21B /* URKit in Frameworks */ = {isa = PBXBuildFile; productRef = 6A8EC93E2F256F350058C21B /* URKit */; };
		6A8EC9412F2576800058C21B /* ReceiveTokenDetailView.swift in Sources */ = {isa = PBXBuildFile; fileRef = 6A8EC9402F2576800058C21B /* ReceiveTokenDetailView.swift */; };
		6A8EC9452F257FFB0058C21B /* ActivityOrbView.swift in Sources */ = {isa = PBXBuildFile; fileRef = 6A8EC9422F257FFB0058C21B /* ActivityOrbView.swift */; };
		6A8EC9462F257FFB0058C21B /* AnimatedBalanceView.swift in Sources */ = {isa = PBXBuildFile; fileRef = 6A8EC9442F257FFB0058C21B /* AnimatedBalanceView.swift */; };
		6A8EC9472F257FFB0058C21B /* AmountEntryView.swift in Sources */ = {isa = PBXBuildFile; fileRef = 6A8EC9432F257FFB0058C21B /* AmountEntryView.swift */; };
		6A8EC9482F2580000058C21B /* TransactionIcon.swift in Sources */ = {isa = PBXBuildFile; fileRef = 6A8EC9492F2580000058C21B /* TransactionIcon.swift */; };
		6A8EC94A2F2590000058C21B /* PriceService.swift in Sources */ = {isa = PBXBuildFile; fileRef = 6A8EC94B2F2590000058C21B /* PriceService.swift */; };
		6A8EC94C2F25A0000058C21B /* NostrService.swift in Sources */ = {isa = PBXBuildFile; fileRef = 6A8EC94D2F25A0000058C21B /* NostrService.swift */; };
		6A8EC94E2F25A0000058C21B /* NPCService.swift in Sources */ = {isa = PBXBuildFile; fileRef = 6A8EC94F2F25A0000058C21B /* NPCService.swift */; };
		6A8EC95B2F26983E0058C21B /* P256K in Frameworks */ = {isa = PBXBuildFile; productRef = 6A8EC95A2F26983E0058C21B /* P256K */; };
		720E47A62FEC721E00E02CD0 /* Cdk in Frameworks */ = {isa = PBXBuildFile; productRef = 720E47A52FEC721E00E02CD0 /* Cdk */; };
		72AF0EF32FEF2165001AD6AC /* Sentry in Frameworks */ = {isa = PBXBuildFile; productRef = AACC000000000002 /* Sentry */; };
		72AF0EF52FEF2300001AD6AC /* SentryService.swift in Sources */ = {isa = PBXBuildFile; fileRef = 72AF0EF42FEF2300001AD6AC /* SentryService.swift */; };
		927178DF5291C6C3273CCA86 /* Foundation.framework in Frameworks */ = {isa = PBXBuildFile; fileRef = 460F5508C2B82DAECD0FEDDB /* Foundation.framework */; };
		AA00000000000001 /* PaymentMethodProtocol.swift in Sources */ = {isa = PBXBuildFile; fileRef = AA00000000000011 /* PaymentMethodProtocol.swift */; };
		AA00000000000002 /* CurrencyProtocol.swift in Sources */ = {isa = PBXBuildFile; fileRef = AA00000000000012 /* CurrencyProtocol.swift */; };
		AA00000000000003 /* WalletServiceProtocol.swift in Sources */ = {isa = PBXBuildFile; fileRef = AA00000000000013 /* WalletServiceProtocol.swift */; };
		AA00000000000004 /* StorageProtocol.swift in Sources */ = {isa = PBXBuildFile; fileRef = AA00000000000014 /* StorageProtocol.swift */; };
		AA00000000000005 /* NavigationManager.swift in Sources */ = {isa = PBXBuildFile; fileRef = AA00000000000015 /* NavigationManager.swift */; };
		AB00000000000001 /* CashuRequest.swift in Sources */ = {isa = PBXBuildFile; fileRef = AC00000000000001 /* CashuRequest.swift */; };
		AB00000000000002 /* CashuRequestStore.swift in Sources */ = {isa = PBXBuildFile; fileRef = AC00000000000002 /* CashuRequestStore.swift */; };
		AB00000000000003 /* PaymentRequestBuilder.swift in Sources */ = {isa = PBXBuildFile; fileRef = AC00000000000003 /* PaymentRequestBuilder.swift */; };
		AB00000000000004 /* NIP44.swift in Sources */ = {isa = PBXBuildFile; fileRef = AC00000000000004 /* NIP44.swift */; };
		AB00000000000005 /* NIP17.swift in Sources */ = {isa = PBXBuildFile; fileRef = AC00000000000005 /* NIP17.swift */; };
		AB00000000000006 /* NostrInboxClient.swift in Sources */ = {isa = PBXBuildFile; fileRef = AC00000000000006 /* NostrInboxClient.swift */; };
		AB00000000000007 /* CashuRequestListener.swift in Sources */ = {isa = PBXBuildFile; fileRef = AC00000000000007 /* CashuRequestListener.swift */; };
		AB00000000000008 /* CashuRequestDetailView.swift in Sources */ = {isa = PBXBuildFile; fileRef = AC00000000000008 /* CashuRequestDetailView.swift */; };
		AB0000000000000A /* CashuRequestMintPickerSheet.swift in Sources */ = {isa = PBXBuildFile; fileRef = AC0000000000000A /* CashuRequestMintPickerSheet.swift */; };
		AB0000000000000B /* CashuRequestAmountPickerSheet.swift in Sources */ = {isa = PBXBuildFile; fileRef = AC0000000000000B /* CashuRequestAmountPickerSheet.swift */; };
		AB0000000000000C /* NostrMintBackupService.swift in Sources */ = {isa = PBXBuildFile; fileRef = AC0000000000000C /* NostrMintBackupService.swift */; };
		AB00000000000050 /* TransactionAmountColumn.swift in Sources */ = {isa = PBXBuildFile; fileRef = AB00000000000052 /* TransactionAmountColumn.swift */; };
		AB00000000000051 /* CashuRequestAmountColumn.swift in Sources */ = {isa = PBXBuildFile; fileRef = AB00000000000053 /* CashuRequestAmountColumn.swift */; };
		BB00000000000001 /* MintService.swift in Sources */ = {isa = PBXBuildFile; fileRef = BB00000000000011 /* MintService.swift */; };
		BB00000000000002 /* TransactionService.swift in Sources */ = {isa = PBXBuildFile; fileRef = BB00000000000012 /* TransactionService.swift */; };
		BB00000000000003 /* TokenService.swift in Sources */ = {isa = PBXBuildFile; fileRef = BB00000000000013 /* TokenService.swift */; };
		BB00000000000004 /* LightningService.swift in Sources */ = {isa = PBXBuildFile; fileRef = BB00000000000014 /* LightningService.swift */; };
		BE86C0C8B9BAF95539080EF9 /* Cdk in Frameworks */ = {isa = PBXBuildFile; productRef = E118F77A2062DDD58C0A6DA3 /* Cdk */; };
		BF36C01CE0AB810E1B462448 /* IntegrationTestBase.swift in Sources */ = {isa = PBXBuildFile; fileRef = F1CF8C0C2E1379BCD23CF8C6 /* IntegrationTestBase.swift */; };
		CC00000000000001 /* ThemeSettingsSection.swift in Sources */ = {isa = PBXBuildFile; fileRef = CC00000000000011 /* ThemeSettingsSection.swift */; };
		CC00000000000002 /* BackupSettingsSection.swift in Sources */ = {isa = PBXBuildFile; fileRef = CC00000000000012 /* BackupSettingsSection.swift */; };
		CC00000000000004 /* P2PKSettingsSection.swift in Sources */ = {isa = PBXBuildFile; fileRef = CC00000000000014 /* P2PKSettingsSection.swift */; };
		CC00000000000005 /* NostrSettingsSection.swift in Sources */ = {isa = PBXBuildFile; fileRef = CC00000000000015 /* NostrSettingsSection.swift */; };
		CC00000000000006 /* PrivacySettingsSection.swift in Sources */ = {isa = PBXBuildFile; fileRef = CC00000000000016 /* PrivacySettingsSection.swift */; };
		CC00000000000007 /* AdvancedSettingsSection.swift in Sources */ = {isa = PBXBuildFile; fileRef = CC00000000000017 /* AdvancedSettingsSection.swift */; };
		CC00000000000008 /* LightningAddressSettingsSection.swift in Sources */ = {isa = PBXBuildFile; fileRef = CC00000000000018 /* LightningAddressSettingsSection.swift */; };
		CC00000000000020 /* PressableButtonStyle.swift in Sources */ = {isa = PBXBuildFile; fileRef = CC00000000000021 /* PressableButtonStyle.swift */; };
		CC000000000000A1 /* NWCManager.swift in Sources */ = {isa = PBXBuildFile; fileRef = CC000000000000A2 /* NWCManager.swift */; };
		CC000000000000B1 /* NWCSettingsSection.swift in Sources */ = {isa = PBXBuildFile; fileRef = CC000000000000B2 /* NWCSettingsSection.swift */; };
		D200000000000101 /* WalletManager+Lifecycle.swift in Sources */ = {isa = PBXBuildFile; fileRef = D100000000000101 /* WalletManager+Lifecycle.swift */; };
		D200000000000102 /* WalletManager+NPC.swift in Sources */ = {isa = PBXBuildFile; fileRef = D100000000000102 /* WalletManager+NPC.swift */; };
		D200000000000103 /* WalletManager+Mints.swift in Sources */ = {isa = PBXBuildFile; fileRef = D100000000000103 /* WalletManager+Mints.swift */; };
		D200000000000104 /* WalletManager+Lightning.swift in Sources */ = {isa = PBXBuildFile; fileRef = D100000000000104 /* WalletManager+Lightning.swift */; };
		D200000000000105 /* WalletManager+CashuPaymentRequests.swift in Sources */ = {isa = PBXBuildFile; fileRef = D100000000000105 /* WalletManager+CashuPaymentRequests.swift */; };
		D200000000000106 /* WalletManager+Tokens.swift in Sources */ = {isa = PBXBuildFile; fileRef = D100000000000106 /* WalletManager+Tokens.swift */; };
		D200000000000107 /* WalletManager+MintQuoteSync.swift in Sources */ = {isa = PBXBuildFile; fileRef = D100000000000107 /* WalletManager+MintQuoteSync.swift */; };
		D20000000000010B /* MintQuoteCheckBackoff.swift in Sources */ = {isa = PBXBuildFile; fileRef = D10000000000010B /* MintQuoteCheckBackoff.swift */; };
		D200000000000108 /* WalletManager+Backup.swift in Sources */ = {isa = PBXBuildFile; fileRef = D100000000000108 /* WalletManager+Backup.swift */; };
		D200000000000109 /* WalletErrors.swift in Sources */ = {isa = PBXBuildFile; fileRef = D100000000000109 /* WalletErrors.swift */; };
		D20000000000010A /* WalletManager+PendingMelts.swift in Sources */ = {isa = PBXBuildFile; fileRef = D10000000000010A /* WalletManager+PendingMelts.swift */; };
		D20000000000010C /* PendingTokenClaim.swift in Sources */ = {isa = PBXBuildFile; fileRef = D10000000000010C /* PendingTokenClaim.swift */; };
		D200000000000201 /* PaymentMethodKind.swift in Sources */ = {isa = PBXBuildFile; fileRef = D100000000000201 /* PaymentMethodKind.swift */; };
		D200000000000202 /* PaymentRequestParser.swift in Sources */ = {isa = PBXBuildFile; fileRef = D100000000000202 /* PaymentRequestParser.swift */; };
		D200000000000203 /* OnchainExplorer.swift in Sources */ = {isa = PBXBuildFile; fileRef = D100000000000203 /* OnchainExplorer.swift */; };
		D200000000000204 /* MintInfo.swift in Sources */ = {isa = PBXBuildFile; fileRef = D100000000000204 /* MintInfo.swift */; };
		D200000000000205 /* WalletNotifications.swift in Sources */ = {isa = PBXBuildFile; fileRef = D100000000000205 /* WalletNotifications.swift */; };
		D200000000000206 /* QuoteModels.swift in Sources */ = {isa = PBXBuildFile; fileRef = D100000000000206 /* QuoteModels.swift */; };
		D200000000000207 /* QuoteStates.swift in Sources */ = {isa = PBXBuildFile; fileRef = D100000000000207 /* QuoteStates.swift */; };
		D200000000000208 /* WalletTransaction.swift in Sources */ = {isa = PBXBuildFile; fileRef = D100000000000208 /* WalletTransaction.swift */; };
		D200000000000213 /* WalletTransactionDetailLookup.swift in Sources */ = {isa = PBXBuildFile; fileRef = D100000000000213 /* WalletTransactionDetailLookup.swift */; };
		D200000000000209 /* TokenTransferModels.swift in Sources */ = {isa = PBXBuildFile; fileRef = D100000000000209 /* TokenTransferModels.swift */; };
		D200000000000210 /* RestoreMintResult.swift in Sources */ = {isa = PBXBuildFile; fileRef = D100000000000210 /* RestoreMintResult.swift */; };
		D200000000000211 /* TokenInfo.swift in Sources */ = {isa = PBXBuildFile; fileRef = D100000000000211 /* TokenInfo.swift */; };
		D200000000000212 /* Data+Hashing.swift in Sources */ = {isa = PBXBuildFile; fileRef = D100000000000212 /* Data+Hashing.swift */; };
		DD00000000000001 /* AppLogger.swift in Sources */ = {isa = PBXBuildFile; fileRef = DD00000000000011 /* AppLogger.swift */; };
		DD00000000000002 /* BIP39WordList.swift in Sources */ = {isa = PBXBuildFile; fileRef = DD00000000000012 /* BIP39WordList.swift */; };
		DD00000000000003 /* HapticFeedback.swift in Sources */ = {isa = PBXBuildFile; fileRef = DD00000000000013 /* HapticFeedback.swift */; };
		DD00000000000004 /* ErrorBannerView.swift in Sources */ = {isa = PBXBuildFile; fileRef = DD00000000000014 /* ErrorBannerView.swift */; };
		EE00000000000002 /* WalletStore.swift in Sources */ = {isa = PBXBuildFile; fileRef = EE00000000000012 /* WalletStore.swift */; };
		EE00000000000003 /* SettingsStore.swift in Sources */ = {isa = PBXBuildFile; fileRef = EE00000000000013 /* SettingsStore.swift */; };
		EE00000000000004 /* TokenParser.swift in Sources */ = {isa = PBXBuildFile; fileRef = EE00000000000014 /* TokenParser.swift */; };
		EE00000000000005 /* AmountFormatter.swift in Sources */ = {isa = PBXBuildFile; fileRef = EE00000000000015 /* AmountFormatter.swift */; };
		AV00000000000001 /* AppVersion.swift in Sources */ = {isa = PBXBuildFile; fileRef = AV00000000000011 /* AppVersion.swift */; };
		AV00000000000002 /* AppVersionTests.swift in Sources */ = {isa = PBXBuildFile; fileRef = AV00000000000012 /* AppVersionTests.swift */; };
		EE00000000000006 /* LightningRequestParser.swift in Sources */ = {isa = PBXBuildFile; fileRef = EE00000000000016 /* LightningRequestParser.swift */; };
		F100000000000001 /* NDEFTextRecordCoder.swift in Sources */ = {isa = PBXBuildFile; fileRef = F200000000000001 /* NDEFTextRecordCoder.swift */; };
		F100000000000002 /* NFCReaderDelegate.swift in Sources */ = {isa = PBXBuildFile; fileRef = F200000000000002 /* NFCReaderDelegate.swift */; };
		F100000000000003 /* NFCPaymentService.swift in Sources */ = {isa = PBXBuildFile; fileRef = F200000000000003 /* NFCPaymentService.swift */; };
		F100000000000004 /* ContactlessPaymentCoordinator.swift in Sources */ = {isa = PBXBuildFile; fileRef = F200000000000004 /* ContactlessPaymentCoordinator.swift */; };
		F300000000000001 /* CurrencyAmountDisplay.swift in Sources */ = {isa = PBXBuildFile; fileRef = F400000000000001 /* CurrencyAmountDisplay.swift */; };
		F300000000000002 /* NumberPadAmountInput.swift in Sources */ = {isa = PBXBuildFile; fileRef = F400000000000002 /* NumberPadAmountInput.swift */; };
		F300000000000003 /* AuthorizingOverlay.swift in Sources */ = {isa = PBXBuildFile; fileRef = F400000000000003 /* AuthorizingOverlay.swift */; };
		F300000000000004 /* ClipboardPaymentChip.swift in Sources */ = {isa = PBXBuildFile; fileRef = F400000000000004 /* ClipboardPaymentChip.swift */; };
		F300000000000006 /* PaymentRequestDecoder.swift in Sources */ = {isa = PBXBuildFile; fileRef = F400000000000006 /* PaymentRequestDecoder.swift */; };
		FC31D408CB5FAB113E9A5327 /* IntegrationTestConfig.swift in Sources */ = {isa = PBXBuildFile; fileRef = FB989C698CCB0CCD5FA8788D /* IntegrationTestConfig.swift */; };
		T2A0000000000001 /* MainTabUITests.swift in Sources */ = {isa = PBXBuildFile; fileRef = T1A0000000000001 /* MainTabUITests.swift */; };
		T2A0000000000002 /* ReceiveUITests.swift in Sources */ = {isa = PBXBuildFile; fileRef = T1A0000000000002 /* ReceiveUITests.swift */; };
		T2A0000000000003 /* SettingsUITests.swift in Sources */ = {isa = PBXBuildFile; fileRef = T1A0000000000003 /* SettingsUITests.swift */; };
		T2A0000000000004 /* UITestBase.swift in Sources */ = {isa = PBXBuildFile; fileRef = T1A0000000000004 /* UITestBase.swift */; };
		T2B0000000000001 /* InMemoryStorage.swift in Sources */ = {isa = PBXBuildFile; fileRef = T1B0000000000001 /* InMemoryStorage.swift */; };
		T2B0000000000002 /* WalletStoreTests.swift in Sources */ = {isa = PBXBuildFile; fileRef = T1B0000000000002 /* WalletStoreTests.swift */; };
		T2B0000000000003 /* MintServiceTests.swift in Sources */ = {isa = PBXBuildFile; fileRef = T1B0000000000003 /* MintServiceTests.swift */; };
		T2B0000000000004 /* TransactionServiceTests.swift in Sources */ = {isa = PBXBuildFile; fileRef = T1B0000000000004 /* TransactionServiceTests.swift */; };
		T2B0000000000005 /* NIP44Tests.swift in Sources */ = {isa = PBXBuildFile; fileRef = T1B0000000000005 /* NIP44Tests.swift */; };
		T2B0000000000006 /* TokenServiceTests.swift in Sources */ = {isa = PBXBuildFile; fileRef = T1B0000000000006 /* TokenServiceTests.swift */; };
		T2B0000000000007 /* AmountFormatterTests.swift in Sources */ = {isa = PBXBuildFile; fileRef = T1B0000000000007 /* AmountFormatterTests.swift */; };
		T2B0000000000008 /* TokenParserTests.swift in Sources */ = {isa = PBXBuildFile; fileRef = T1B0000000000008 /* TokenParserTests.swift */; };
		T2B0000000000009 /* PaymentRequestDecoderTests.swift in Sources */ = {isa = PBXBuildFile; fileRef = T1B0000000000009 /* PaymentRequestDecoderTests.swift */; };
		T2B000000000000A /* CurrencyTests.swift in Sources */ = {isa = PBXBuildFile; fileRef = T1B000000000000A /* CurrencyTests.swift */; };
		T2B000000000000B /* ReceiveAutoPasteTests.swift in Sources */ = {isa = PBXBuildFile; fileRef = T1B000000000000B /* ReceiveAutoPasteTests.swift */; };
		T2B000000000000C /* HomeActionAccessibilityTests.swift in Sources */ = {isa = PBXBuildFile; fileRef = T1B000000000000C /* HomeActionAccessibilityTests.swift */; };
		T2B000000000000D /* CashuRequestRouteExplanationTests.swift in Sources */ = {isa = PBXBuildFile; fileRef = T1B000000000000D /* CashuRequestRouteExplanationTests.swift */; };
		C0A100000000000000000002 /* CashuRequestPaymentObservationTests.swift in Sources */ = {isa = PBXBuildFile; fileRef = C0A100000000000000000001 /* CashuRequestPaymentObservationTests.swift */; };
		T2B000000000000E /* CrashReportSanitizerTests.swift in Sources */ = {isa = PBXBuildFile; fileRef = T1B000000000000E /* CrashReportSanitizerTests.swift */; };
		T2B000000000000F /* HistorySearchTests.swift in Sources */ = {isa = PBXBuildFile; fileRef = T1B000000000000F /* HistorySearchTests.swift */; };
		T2B0000000000010 /* WalletSurfaceCoordinatorTests.swift in Sources */ = {isa = PBXBuildFile; fileRef = T1B0000000000010 /* WalletSurfaceCoordinatorTests.swift */; };
		T2B0000000000011 /* ScanRouterTests.swift in Sources */ = {isa = PBXBuildFile; fileRef = T1B0000000000011 /* ScanRouterTests.swift */; };
/* End PBXBuildFile section */

/* Begin PBXContainerItemProxy section */
		0BB23F69253386F9E93BCF64 /* PBXContainerItemProxy */ = {
			isa = PBXContainerItemProxy;
			containerPortal = 5000000000000001 /* Project object */;
			proxyType = 1;
			remoteGlobalIDString = 5100000000000001;
			remoteInfo = CashuWallet;
		};
		A6EA6C0F4E10B077B2F25229 /* PBXContainerItemProxy */ = {
			isa = PBXContainerItemProxy;
			containerPortal = 5000000000000001 /* Project object */;
			proxyType = 1;
			remoteGlobalIDString = 5100000000000001;
			remoteInfo = CashuWallet;
		};
/* End PBXContainerItemProxy section */

/* Begin PBXFileReference section */
		0100000000000001 /* CashuWallet.app */ = {isa = PBXFileReference; explicitFileType = wrapper.application; includeInIndex = 0; path = CashuWallet.app; sourceTree = BUILT_PRODUCTS_DIR; };
		2100000000000001 /* CashuWalletApp.swift */ = {isa = PBXFileReference; lastKnownFileType = sourcecode.swift; path = CashuWalletApp.swift; sourceTree = "<group>"; };
		2100000000000002 /* ContentView.swift */ = {isa = PBXFileReference; lastKnownFileType = sourcecode.swift; path = ContentView.swift; sourceTree = "<group>"; };
		2100000000000004 /* WalletManager.swift */ = {isa = PBXFileReference; lastKnownFileType = sourcecode.swift; path = WalletManager.swift; sourceTree = "<group>"; };
		2100000000000005 /* KeychainService.swift */ = {isa = PBXFileReference; lastKnownFileType = sourcecode.swift; path = KeychainService.swift; sourceTree = "<group>"; };
		2100000000000007 /* MainWalletView.swift */ = {isa = PBXFileReference; lastKnownFileType = sourcecode.swift; path = MainWalletView.swift; sourceTree = "<group>"; };
		2100000000000008 /* OnboardingView.swift */ = {isa = PBXFileReference; lastKnownFileType = sourcecode.swift; path = OnboardingView.swift; sourceTree = "<group>"; };
		2100000000000009 /* ReceiveView.swift */ = {isa = PBXFileReference; lastKnownFileType = sourcecode.swift; path = ReceiveView.swift; sourceTree = "<group>"; };
		210000000000000A /* ReceiveLightningView.swift */ = {isa = PBXFileReference; lastKnownFileType = sourcecode.swift; path = ReceiveLightningView.swift; sourceTree = "<group>"; };
		210000000000000B /* SendView.swift */ = {isa = PBXFileReference; lastKnownFileType = sourcecode.swift; path = SendView.swift; sourceTree = "<group>"; };
		210000000000000C /* MintsListView.swift */ = {isa = PBXFileReference; lastKnownFileType = sourcecode.swift; path = MintsListView.swift; sourceTree = "<group>"; };
		210000000000000D /* HistoryView.swift */ = {isa = PBXFileReference; lastKnownFileType = sourcecode.swift; path = HistoryView.swift; sourceTree = "<group>"; };
		210000000000000E /* SettingsView.swift */ = {isa = PBXFileReference; lastKnownFileType = sourcecode.swift; path = SettingsView.swift; sourceTree = "<group>"; };
		2100000000000010 /* QRCodeView.swift */ = {isa = PBXFileReference; lastKnownFileType = sourcecode.swift; path = QRCodeView.swift; sourceTree = "<group>"; };
		2100000000000012 /* Assets.xcassets */ = {isa = PBXFileReference; lastKnownFileType = folder.assetcatalog; path = Assets.xcassets; sourceTree = "<group>"; };
		21000000000000CC /* MintDetailView.swift */ = {isa = PBXFileReference; lastKnownFileType = sourcecode.swift; path = MintDetailView.swift; sourceTree = "<group>"; };
		21000000000000CD /* MintDiscoverySheet.swift */ = {isa = PBXFileReference; lastKnownFileType = sourcecode.swift; path = MintDiscoverySheet.swift; sourceTree = "<group>"; };
		21000000000000CE /* AddMintSheet.swift */ = {isa = PBXFileReference; lastKnownFileType = sourcecode.swift; path = AddMintSheet.swift; sourceTree = "<group>"; };
		21000000000000CF /* MintMethodIcons.swift */ = {isa = PBXFileReference; lastKnownFileType = sourcecode.swift; path = MintMethodIcons.swift; sourceTree = "<group>"; };
		24A09ED243324E11C828B365 /* CashuWalletTests.xctest */ = {isa = PBXFileReference; explicitFileType = wrapper.cfbundle; includeInIndex = 0; path = CashuWalletTests.xctest; sourceTree = BUILT_PRODUCTS_DIR; };
		3DC08FE85DFC643906176894 /* LiquidGlassModifiers.swift */ = {isa = PBXFileReference; includeInIndex = 1; lastKnownFileType = sourcecode.swift; path = LiquidGlassModifiers.swift; sourceTree = "<group>"; };
		460F5508C2B82DAECD0FEDDB /* Foundation.framework */ = {isa = PBXFileReference; lastKnownFileType = wrapper.framework; name = Foundation.framework; path = Platforms/iPhoneOS.platform/Developer/SDKs/iPhoneOS18.0.sdk/System/Library/Frameworks/Foundation.framework; sourceTree = DEVELOPER_DIR; };
		661C4ED74C24D2347947422A /* CashuWalletUITests.xctest */ = {isa = PBXFileReference; explicitFileType = wrapper.cfbundle; includeInIndex = 0; path = CashuWalletUITests.xctest; sourceTree = BUILT_PRODUCTS_DIR; };
		6A8EC92F2F2442EF0058C21B /* SettingsManager.swift */ = {isa = PBXFileReference; lastKnownFileType = sourcecode.swift; path = SettingsManager.swift; sourceTree = "<group>"; };
		6A8EC9312F2448B60058C21B /* MintDiscoveryManager.swift */ = {isa = PBXFileReference; lastKnownFileType = sourcecode.swift; path = MintDiscoveryManager.swift; sourceTree = "<group>"; };
		6A8EC9332F244BD80058C21B /* ScannerWrapperView.swift */ = {isa = PBXFileReference; lastKnownFileType = sourcecode.swift; path = ScannerWrapperView.swift; sourceTree = "<group>"; };
		6A8EC9352F244C8C0058C21B /* TransactionDetailView.swift */ = {isa = PBXFileReference; lastKnownFileType = sourcecode.swift; path = TransactionDetailView.swift; sourceTree = "<group>"; };
		6A8EC9402F2576800058C21B /* ReceiveTokenDetailView.swift */ = {isa = PBXFileReference; lastKnownFileType = sourcecode.swift; path = ReceiveTokenDetailView.swift; sourceTree = "<group>"; };
		6A8EC9422F257FFB0058C21B /* ActivityOrbView.swift */ = {isa = PBXFileReference; lastKnownFileType = sourcecode.swift; path = ActivityOrbView.swift; sourceTree = "<group>"; };
		6A8EC9432F257FFB0058C21B /* AmountEntryView.swift */ = {isa = PBXFileReference; lastKnownFileType = sourcecode.swift; path = AmountEntryView.swift; sourceTree = "<group>"; };
		6A8EC9442F257FFB0058C21B /* AnimatedBalanceView.swift */ = {isa = PBXFileReference; lastKnownFileType = sourcecode.swift; path = AnimatedBalanceView.swift; sourceTree = "<group>"; };
		6A8EC9492F2580000058C21B /* TransactionIcon.swift */ = {isa = PBXFileReference; lastKnownFileType = sourcecode.swift; path = TransactionIcon.swift; sourceTree = "<group>"; };
		6A8EC94B2F2590000058C21B /* PriceService.swift */ = {isa = PBXFileReference; lastKnownFileType = sourcecode.swift; path = PriceService.swift; sourceTree = "<group>"; };
		6A8EC94D2F25A0000058C21B /* NostrService.swift */ = {isa = PBXFileReference; lastKnownFileType = sourcecode.swift; path = NostrService.swift; sourceTree = "<group>"; };
		6A8EC94F2F25A0000058C21B /* NPCService.swift */ = {isa = PBXFileReference; lastKnownFileType = sourcecode.swift; path = NPCService.swift; sourceTree = "<group>"; };
		72AF0EF42FEF2300001AD6AC /* SentryService.swift */ = {isa = PBXFileReference; lastKnownFileType = sourcecode.swift; path = SentryService.swift; sourceTree = "<group>"; };
		72DD529F60A8D9D1A81E3FBB /* NutshellIntegrationTests.swift */ = {isa = PBXFileReference; includeInIndex = 1; lastKnownFileType = sourcecode.swift; name = NutshellIntegrationTests.swift; path = ../CI/IntegrationTests/Tests/NutshellIntegrationTests.swift; sourceTree = "<group>"; };
		99846FC03810AE4BE904466F /* WalletIntegrationTests.swift */ = {isa = PBXFileReference; includeInIndex = 1; lastKnownFileType = sourcecode.swift; name = WalletIntegrationTests.swift; path = CashuWalletUITests/WalletIntegrationTests.swift; sourceTree = "<group>"; };
		AA00000000000011 /* PaymentMethodProtocol.swift */ = {isa = PBXFileReference; lastKnownFileType = sourcecode.swift; path = PaymentMethodProtocol.swift; sourceTree = "<group>"; };
		AA00000000000012 /* CurrencyProtocol.swift */ = {isa = PBXFileReference; lastKnownFileType = sourcecode.swift; path = CurrencyProtocol.swift; sourceTree = "<group>"; };
		AA00000000000013 /* WalletServiceProtocol.swift */ = {isa = PBXFileReference; lastKnownFileType = sourcecode.swift; path = WalletServiceProtocol.swift; sourceTree = "<group>"; };
		AA00000000000014 /* StorageProtocol.swift */ = {isa = PBXFileReference; lastKnownFileType = sourcecode.swift; path = StorageProtocol.swift; sourceTree = "<group>"; };
		AA00000000000015 /* NavigationManager.swift */ = {isa = PBXFileReference; lastKnownFileType = sourcecode.swift; path = NavigationManager.swift; sourceTree = "<group>"; };
		AB00000000000052 /* TransactionAmountColumn.swift */ = {isa = PBXFileReference; lastKnownFileType = sourcecode.swift; path = TransactionAmountColumn.swift; sourceTree = "<group>"; };
		AB00000000000053 /* CashuRequestAmountColumn.swift */ = {isa = PBXFileReference; lastKnownFileType = sourcecode.swift; path = CashuRequestAmountColumn.swift; sourceTree = "<group>"; };
		AC00000000000001 /* CashuRequest.swift */ = {isa = PBXFileReference; lastKnownFileType = sourcecode.swift; path = CashuRequest.swift; sourceTree = "<group>"; };
		AC00000000000002 /* CashuRequestStore.swift */ = {isa = PBXFileReference; lastKnownFileType = sourcecode.swift; path = CashuRequestStore.swift; sourceTree = "<group>"; };
		AC00000000000003 /* PaymentRequestBuilder.swift */ = {isa = PBXFileReference; lastKnownFileType = sourcecode.swift; path = PaymentRequestBuilder.swift; sourceTree = "<group>"; };
		AC00000000000004 /* NIP44.swift */ = {isa = PBXFileReference; lastKnownFileType = sourcecode.swift; path = NIP44.swift; sourceTree = "<group>"; };
		AC00000000000005 /* NIP17.swift */ = {isa = PBXFileReference; lastKnownFileType = sourcecode.swift; path = NIP17.swift; sourceTree = "<group>"; };
		AC00000000000006 /* NostrInboxClient.swift */ = {isa = PBXFileReference; lastKnownFileType = sourcecode.swift; path = NostrInboxClient.swift; sourceTree = "<group>"; };
		AC00000000000007 /* CashuRequestListener.swift */ = {isa = PBXFileReference; lastKnownFileType = sourcecode.swift; path = CashuRequestListener.swift; sourceTree = "<group>"; };
		AC00000000000008 /* CashuRequestDetailView.swift */ = {isa = PBXFileReference; lastKnownFileType = sourcecode.swift; path = CashuRequestDetailView.swift; sourceTree = "<group>"; };
		AC0000000000000A /* CashuRequestMintPickerSheet.swift */ = {isa = PBXFileReference; lastKnownFileType = sourcecode.swift; path = CashuRequestMintPickerSheet.swift; sourceTree = "<group>"; };
		AC0000000000000B /* CashuRequestAmountPickerSheet.swift */ = {isa = PBXFileReference; lastKnownFileType = sourcecode.swift; path = CashuRequestAmountPickerSheet.swift; sourceTree = "<group>"; };
		AC0000000000000C /* NostrMintBackupService.swift */ = {isa = PBXFileReference; lastKnownFileType = sourcecode.swift; path = NostrMintBackupService.swift; sourceTree = "<group>"; };
		BB00000000000011 /* MintService.swift */ = {isa = PBXFileReference; lastKnownFileType = sourcecode.swift; path = MintService.swift; sourceTree = "<group>"; };
		BB00000000000012 /* TransactionService.swift */ = {isa = PBXFileReference; lastKnownFileType = sourcecode.swift; path = TransactionService.swift; sourceTree = "<group>"; };
		BB00000000000013 /* TokenService.swift */ = {isa = PBXFileReference; lastKnownFileType = sourcecode.swift; path = TokenService.swift; sourceTree = "<group>"; };
		BB00000000000014 /* LightningService.swift */ = {isa = PBXFileReference; lastKnownFileType = sourcecode.swift; path = LightningService.swift; sourceTree = "<group>"; };
		CC00000000000011 /* ThemeSettingsSection.swift */ = {isa = PBXFileReference; lastKnownFileType = sourcecode.swift; path = ThemeSettingsSection.swift; sourceTree = "<group>"; };
		CC00000000000012 /* BackupSettingsSection.swift */ = {isa = PBXFileReference; lastKnownFileType = sourcecode.swift; path = BackupSettingsSection.swift; sourceTree = "<group>"; };
		CC00000000000014 /* P2PKSettingsSection.swift */ = {isa = PBXFileReference; lastKnownFileType = sourcecode.swift; path = P2PKSettingsSection.swift; sourceTree = "<group>"; };
		CC00000000000015 /* NostrSettingsSection.swift */ = {isa = PBXFileReference; lastKnownFileType = sourcecode.swift; path = NostrSettingsSection.swift; sourceTree = "<group>"; };
		CC00000000000016 /* PrivacySettingsSection.swift */ = {isa = PBXFileReference; lastKnownFileType = sourcecode.swift; path = PrivacySettingsSection.swift; sourceTree = "<group>"; };
		CC00000000000017 /* AdvancedSettingsSection.swift */ = {isa = PBXFileReference; lastKnownFileType = sourcecode.swift; path = AdvancedSettingsSection.swift; sourceTree = "<group>"; };
		CC00000000000018 /* LightningAddressSettingsSection.swift */ = {isa = PBXFileReference; lastKnownFileType = sourcecode.swift; path = LightningAddressSettingsSection.swift; sourceTree = "<group>"; };
		CC00000000000021 /* PressableButtonStyle.swift */ = {isa = PBXFileReference; lastKnownFileType = sourcecode.swift; path = PressableButtonStyle.swift; sourceTree = "<group>"; };
		CC000000000000A2 /* NWCManager.swift */ = {isa = PBXFileReference; lastKnownFileType = sourcecode.swift; path = NWCManager.swift; sourceTree = "<group>"; };
		CC000000000000B2 /* NWCSettingsSection.swift */ = {isa = PBXFileReference; lastKnownFileType = sourcecode.swift; path = NWCSettingsSection.swift; sourceTree = "<group>"; };
		D100000000000101 /* WalletManager+Lifecycle.swift */ = {isa = PBXFileReference; lastKnownFileType = sourcecode.swift; path = "WalletManager+Lifecycle.swift"; sourceTree = "<group>"; };
		D100000000000102 /* WalletManager+NPC.swift */ = {isa = PBXFileReference; lastKnownFileType = sourcecode.swift; path = "WalletManager+NPC.swift"; sourceTree = "<group>"; };
		D100000000000103 /* WalletManager+Mints.swift */ = {isa = PBXFileReference; lastKnownFileType = sourcecode.swift; path = "WalletManager+Mints.swift"; sourceTree = "<group>"; };
		D100000000000104 /* WalletManager+Lightning.swift */ = {isa = PBXFileReference; lastKnownFileType = sourcecode.swift; path = "WalletManager+Lightning.swift"; sourceTree = "<group>"; };
		D100000000000105 /* WalletManager+CashuPaymentRequests.swift */ = {isa = PBXFileReference; lastKnownFileType = sourcecode.swift; path = "WalletManager+CashuPaymentRequests.swift"; sourceTree = "<group>"; };
		D100000000000106 /* WalletManager+Tokens.swift */ = {isa = PBXFileReference; lastKnownFileType = sourcecode.swift; path = "WalletManager+Tokens.swift"; sourceTree = "<group>"; };
		D100000000000107 /* WalletManager+MintQuoteSync.swift */ = {isa = PBXFileReference; lastKnownFileType = sourcecode.swift; path = "WalletManager+MintQuoteSync.swift"; sourceTree = "<group>"; };
		D10000000000010B /* MintQuoteCheckBackoff.swift */ = {isa = PBXFileReference; lastKnownFileType = sourcecode.swift; path = "MintQuoteCheckBackoff.swift"; sourceTree = "<group>"; };
		D100000000000108 /* WalletManager+Backup.swift */ = {isa = PBXFileReference; lastKnownFileType = sourcecode.swift; path = "WalletManager+Backup.swift"; sourceTree = "<group>"; };
		D100000000000109 /* WalletErrors.swift */ = {isa = PBXFileReference; lastKnownFileType = sourcecode.swift; path = WalletErrors.swift; sourceTree = "<group>"; };
		D10000000000010A /* WalletManager+PendingMelts.swift */ = {isa = PBXFileReference; lastKnownFileType = sourcecode.swift; path = "WalletManager+PendingMelts.swift"; sourceTree = "<group>"; };
		D10000000000010C /* PendingTokenClaim.swift */ = {isa = PBXFileReference; lastKnownFileType = sourcecode.swift; path = PendingTokenClaim.swift; sourceTree = "<group>"; };
		D100000000000201 /* PaymentMethodKind.swift */ = {isa = PBXFileReference; lastKnownFileType = sourcecode.swift; path = PaymentMethodKind.swift; sourceTree = "<group>"; };
		D100000000000202 /* PaymentRequestParser.swift */ = {isa = PBXFileReference; lastKnownFileType = sourcecode.swift; path = PaymentRequestParser.swift; sourceTree = "<group>"; };
		D100000000000203 /* OnchainExplorer.swift */ = {isa = PBXFileReference; lastKnownFileType = sourcecode.swift; path = OnchainExplorer.swift; sourceTree = "<group>"; };
		D100000000000204 /* MintInfo.swift */ = {isa = PBXFileReference; lastKnownFileType = sourcecode.swift; path = MintInfo.swift; sourceTree = "<group>"; };
		D100000000000205 /* WalletNotifications.swift */ = {isa = PBXFileReference; lastKnownFileType = sourcecode.swift; path = WalletNotifications.swift; sourceTree = "<group>"; };
		D100000000000206 /* QuoteModels.swift */ = {isa = PBXFileReference; lastKnownFileType = sourcecode.swift; path = QuoteModels.swift; sourceTree = "<group>"; };
		D100000000000207 /* QuoteStates.swift */ = {isa = PBXFileReference; lastKnownFileType = sourcecode.swift; path = QuoteStates.swift; sourceTree = "<group>"; };
		D100000000000208 /* WalletTransaction.swift */ = {isa = PBXFileReference; lastKnownFileType = sourcecode.swift; path = WalletTransaction.swift; sourceTree = "<group>"; };
		D100000000000213 /* WalletTransactionDetailLookup.swift */ = {isa = PBXFileReference; lastKnownFileType = sourcecode.swift; path = WalletTransactionDetailLookup.swift; sourceTree = "<group>"; };
		D100000000000209 /* TokenTransferModels.swift */ = {isa = PBXFileReference; lastKnownFileType = sourcecode.swift; path = TokenTransferModels.swift; sourceTree = "<group>"; };
		D100000000000210 /* RestoreMintResult.swift */ = {isa = PBXFileReference; lastKnownFileType = sourcecode.swift; path = RestoreMintResult.swift; sourceTree = "<group>"; };
		D100000000000211 /* TokenInfo.swift */ = {isa = PBXFileReference; lastKnownFileType = sourcecode.swift; path = TokenInfo.swift; sourceTree = "<group>"; };
		D100000000000212 /* Data+Hashing.swift */ = {isa = PBXFileReference; lastKnownFileType = sourcecode.swift; path = "Data+Hashing.swift"; sourceTree = "<group>"; };
		DD00000000000011 /* AppLogger.swift */ = {isa = PBXFileReference; lastKnownFileType = sourcecode.swift; path = AppLogger.swift; sourceTree = "<group>"; };
		DD00000000000012 /* BIP39WordList.swift */ = {isa = PBXFileReference; lastKnownFileType = sourcecode.swift; path = BIP39WordList.swift; sourceTree = "<group>"; };
		DD00000000000013 /* HapticFeedback.swift */ = {isa = PBXFileReference; lastKnownFileType = sourcecode.swift; path = HapticFeedback.swift; sourceTree = "<group>"; };
		DD00000000000014 /* ErrorBannerView.swift */ = {isa = PBXFileReference; lastKnownFileType = sourcecode.swift; path = ErrorBannerView.swift; sourceTree = "<group>"; };
		EE00000000000012 /* WalletStore.swift */ = {isa = PBXFileReference; lastKnownFileType = sourcecode.swift; path = WalletStore.swift; sourceTree = "<group>"; };
		EE00000000000013 /* SettingsStore.swift */ = {isa = PBXFileReference; lastKnownFileType = sourcecode.swift; path = SettingsStore.swift; sourceTree = "<group>"; };
		EE00000000000014 /* TokenParser.swift */ = {isa = PBXFileReference; lastKnownFileType = sourcecode.swift; path = TokenParser.swift; sourceTree = "<group>"; };
		EE00000000000015 /* AmountFormatter.swift */ = {isa = PBXFileReference; lastKnownFileType = sourcecode.swift; path = AmountFormatter.swift; sourceTree = "<group>"; };
		EE00000000000016 /* LightningRequestParser.swift */ = {isa = PBXFileReference; lastKnownFileType = sourcecode.swift; path = LightningRequestParser.swift; sourceTree = "<group>"; };
		F1CF8C0C2E1379BCD23CF8C6 /* IntegrationTestBase.swift */ = {isa = PBXFileReference; includeInIndex = 1; lastKnownFileType = sourcecode.swift; name = IntegrationTestBase.swift; path = ../CI/IntegrationTests/Tests/IntegrationTestBase.swift; sourceTree = "<group>"; };
		F200000000000001 /* NDEFTextRecordCoder.swift */ = {isa = PBXFileReference; lastKnownFileType = sourcecode.swift; path = NDEFTextRecordCoder.swift; sourceTree = "<group>"; };
		F200000000000002 /* NFCReaderDelegate.swift */ = {isa = PBXFileReference; lastKnownFileType = sourcecode.swift; path = NFCReaderDelegate.swift; sourceTree = "<group>"; };
		F200000000000003 /* NFCPaymentService.swift */ = {isa = PBXFileReference; lastKnownFileType = sourcecode.swift; path = NFCPaymentService.swift; sourceTree = "<group>"; };
		F200000000000004 /* ContactlessPaymentCoordinator.swift */ = {isa = PBXFileReference; lastKnownFileType = sourcecode.swift; path = ContactlessPaymentCoordinator.swift; sourceTree = "<group>"; };
		F200000000000005 /* CashuWallet.entitlements */ = {isa = PBXFileReference; lastKnownFileType = text.plist.entitlements; path = CashuWallet.entitlements; sourceTree = "<group>"; };
		F400000000000001 /* CurrencyAmountDisplay.swift */ = {isa = PBXFileReference; lastKnownFileType = sourcecode.swift; path = CurrencyAmountDisplay.swift; sourceTree = "<group>"; };
		F400000000000002 /* NumberPadAmountInput.swift */ = {isa = PBXFileReference; lastKnownFileType = sourcecode.swift; path = NumberPadAmountInput.swift; sourceTree = "<group>"; };
		F400000000000003 /* AuthorizingOverlay.swift */ = {isa = PBXFileReference; lastKnownFileType = sourcecode.swift; path = AuthorizingOverlay.swift; sourceTree = "<group>"; };
		F400000000000004 /* ClipboardPaymentChip.swift */ = {isa = PBXFileReference; lastKnownFileType = sourcecode.swift; path = ClipboardPaymentChip.swift; sourceTree = "<group>"; };
		F400000000000006 /* PaymentRequestDecoder.swift */ = {isa = PBXFileReference; lastKnownFileType = sourcecode.swift; path = PaymentRequestDecoder.swift; sourceTree = "<group>"; };
		FB989C698CCB0CCD5FA8788D /* IntegrationTestConfig.swift */ = {isa = PBXFileReference; includeInIndex = 1; lastKnownFileType = sourcecode.swift; name = IntegrationTestConfig.swift; path = CashuWallet/Core/IntegrationTestConfig.swift; sourceTree = "<group>"; };
		T1A0000000000001 /* MainTabUITests.swift */ = {isa = PBXFileReference; includeInIndex = 1; lastKnownFileType = sourcecode.swift; name = MainTabUITests.swift; path = CashuWalletUITests/MainTabUITests.swift; sourceTree = "<group>"; };
		T1A0000000000002 /* ReceiveUITests.swift */ = {isa = PBXFileReference; includeInIndex = 1; lastKnownFileType = sourcecode.swift; name = ReceiveUITests.swift; path = CashuWalletUITests/ReceiveUITests.swift; sourceTree = "<group>"; };
		T1A0000000000003 /* SettingsUITests.swift */ = {isa = PBXFileReference; includeInIndex = 1; lastKnownFileType = sourcecode.swift; name = SettingsUITests.swift; path = CashuWalletUITests/SettingsUITests.swift; sourceTree = "<group>"; };
		T1A0000000000004 /* UITestBase.swift */ = {isa = PBXFileReference; includeInIndex = 1; lastKnownFileType = sourcecode.swift; name = UITestBase.swift; path = CashuWalletUITests/UITestBase.swift; sourceTree = "<group>"; };
		T1B0000000000001 /* InMemoryStorage.swift */ = {isa = PBXFileReference; includeInIndex = 1; lastKnownFileType = sourcecode.swift; name = InMemoryStorage.swift; path = CashuWalletTests/InMemoryStorage.swift; sourceTree = "<group>"; };
		T1B0000000000002 /* WalletStoreTests.swift */ = {isa = PBXFileReference; includeInIndex = 1; lastKnownFileType = sourcecode.swift; name = WalletStoreTests.swift; path = CashuWalletTests/WalletStoreTests.swift; sourceTree = "<group>"; };
		T1B0000000000003 /* MintServiceTests.swift */ = {isa = PBXFileReference; includeInIndex = 1; lastKnownFileType = sourcecode.swift; name = MintServiceTests.swift; path = CashuWalletTests/MintServiceTests.swift; sourceTree = "<group>"; };
		T1B0000000000004 /* TransactionServiceTests.swift */ = {isa = PBXFileReference; includeInIndex = 1; lastKnownFileType = sourcecode.swift; name = TransactionServiceTests.swift; path = CashuWalletTests/TransactionServiceTests.swift; sourceTree = "<group>"; };
		T1B0000000000005 /* NIP44Tests.swift */ = {isa = PBXFileReference; includeInIndex = 1; lastKnownFileType = sourcecode.swift; name = NIP44Tests.swift; path = CashuWalletTests/NIP44Tests.swift; sourceTree = "<group>"; };
		T1B0000000000006 /* TokenServiceTests.swift */ = {isa = PBXFileReference; includeInIndex = 1; lastKnownFileType = sourcecode.swift; name = TokenServiceTests.swift; path = CashuWalletTests/TokenServiceTests.swift; sourceTree = "<group>"; };
		T1B0000000000007 /* AmountFormatterTests.swift */ = {isa = PBXFileReference; includeInIndex = 1; lastKnownFileType = sourcecode.swift; name = AmountFormatterTests.swift; path = ../CI/IntegrationTests/Tests/AmountFormatterTests.swift; sourceTree = "<group>"; };
		T1B0000000000008 /* TokenParserTests.swift */ = {isa = PBXFileReference; includeInIndex = 1; lastKnownFileType = sourcecode.swift; name = TokenParserTests.swift; path = ../CI/IntegrationTests/Tests/TokenParserTests.swift; sourceTree = "<group>"; };
		T1B0000000000009 /* PaymentRequestDecoderTests.swift */ = {isa = PBXFileReference; includeInIndex = 1; lastKnownFileType = sourcecode.swift; name = PaymentRequestDecoderTests.swift; path = ../CI/IntegrationTests/Tests/PaymentRequestDecoderTests.swift; sourceTree = "<group>"; };
		T1B000000000000A /* CurrencyTests.swift */ = {isa = PBXFileReference; includeInIndex = 1; lastKnownFileType = sourcecode.swift; name = CurrencyTests.swift; path = ../CI/IntegrationTests/Tests/CurrencyTests.swift; sourceTree = "<group>"; };
		T1B000000000000B /* ReceiveAutoPasteTests.swift */ = {isa = PBXFileReference; includeInIndex = 1; lastKnownFileType = sourcecode.swift; name = ReceiveAutoPasteTests.swift; path = CashuWalletTests/ReceiveAutoPasteTests.swift; sourceTree = "<group>"; };
		T1B000000000000C /* HomeActionAccessibilityTests.swift */ = {isa = PBXFileReference; includeInIndex = 1; lastKnownFileType = sourcecode.swift; name = HomeActionAccessibilityTests.swift; path = CashuWalletTests/HomeActionAccessibilityTests.swift; sourceTree = "<group>"; };
		T1B000000000000D /* CashuRequestRouteExplanationTests.swift */ = {isa = PBXFileReference; includeInIndex = 1; lastKnownFileType = sourcecode.swift; name = CashuRequestRouteExplanationTests.swift; path = CashuWalletTests/CashuRequestRouteExplanationTests.swift; sourceTree = "<group>"; };
		C0A100000000000000000001 /* CashuRequestPaymentObservationTests.swift */ = {isa = PBXFileReference; includeInIndex = 1; lastKnownFileType = sourcecode.swift; name = CashuRequestPaymentObservationTests.swift; path = CashuWalletTests/CashuRequestPaymentObservationTests.swift; sourceTree = "<group>"; };
		T1B000000000000E /* CrashReportSanitizerTests.swift */ = {isa = PBXFileReference; includeInIndex = 1; lastKnownFileType = sourcecode.swift; name = CrashReportSanitizerTests.swift; path = CashuWalletTests/CrashReportSanitizerTests.swift; sourceTree = "<group>"; };
		AV00000000000011 /* AppVersion.swift */ = {isa = PBXFileReference; lastKnownFileType = sourcecode.swift; path = AppVersion.swift; sourceTree = "<group>"; };
		AV00000000000012 /* AppVersionTests.swift */ = {isa = PBXFileReference; includeInIndex = 1; lastKnownFileType = sourcecode.swift; name = AppVersionTests.swift; path = CashuWalletTests/AppVersionTests.swift; sourceTree = "<group>"; };
		T1B000000000000F /* HistorySearchTests.swift */ = {isa = PBXFileReference; includeInIndex = 1; lastKnownFileType = sourcecode.swift; name = HistorySearchTests.swift; path = CashuWalletTests/HistorySearchTests.swift; sourceTree = "<group>"; };
		T1B0000000000010 /* WalletSurfaceCoordinatorTests.swift */ = {isa = PBXFileReference; includeInIndex = 1; lastKnownFileType = sourcecode.swift; name = WalletSurfaceCoordinatorTests.swift; path = CashuWalletTests/WalletSurfaceCoordinatorTests.swift; sourceTree = "<group>"; };
		T1B0000000000011 /* ScanRouterTests.swift */ = {isa = PBXFileReference; includeInIndex = 1; lastKnownFileType = sourcecode.swift; name = ScanRouterTests.swift; path = CashuWalletTests/ScanRouterTests.swift; sourceTree = "<group>"; };
/* End PBXFileReference section */

/* Begin PBXFrameworksBuildPhase section */
		3100000000000001 /* Frameworks */ = {
			isa = PBXFrameworksBuildPhase;
			buildActionMask = 2147483647;
			files = (
				72AF0EF32FEF2165001AD6AC /* Sentry in Frameworks */,
				720E47A62FEC721E00E02CD0 /* Cdk in Frameworks */,
				6A8EC93F2F256F350058C21B /* URKit in Frameworks */,
				6A8EC95B2F26983E0058C21B /* P256K in Frameworks */,
			);
			runOnlyForDeploymentPostprocessing = 0;
		};
		D7063CEB27C3A787F34A0AEF /* Frameworks */ = {
			isa = PBXFrameworksBuildPhase;
			buildActionMask = 2147483647;
			files = (
				13919761D160B56C1BD7FDB4 /* Foundation.framework in Frameworks */,
				BE86C0C8B9BAF95539080EF9 /* Cdk in Frameworks */,
			);
			runOnlyForDeploymentPostprocessing = 0;
		};
		DBD39D736FB1781D022E612F /* Frameworks */ = {
			isa = PBXFrameworksBuildPhase;
			buildActionMask = 2147483647;
			files = (
				927178DF5291C6C3273CCA86 /* Foundation.framework in Frameworks */,
			);
			runOnlyForDeploymentPostprocessing = 0;
		};
/* End PBXFrameworksBuildPhase section */

/* Begin PBXGroup section */
		172BA94269E4241413C46309 /* CashuWalletTests */ = {
			isa = PBXGroup;
			children = (
				F1CF8C0C2E1379BCD23CF8C6 /* IntegrationTestBase.swift */,
				72DD529F60A8D9D1A81E3FBB /* NutshellIntegrationTests.swift */,
				T1B0000000000001 /* InMemoryStorage.swift */,
				T1B0000000000002 /* WalletStoreTests.swift */,
				T1B0000000000003 /* MintServiceTests.swift */,
				T1B0000000000004 /* TransactionServiceTests.swift */,
				T1B0000000000005 /* NIP44Tests.swift */,
				T1B0000000000006 /* TokenServiceTests.swift */,
				T1B0000000000007 /* AmountFormatterTests.swift */,
				T1B0000000000008 /* TokenParserTests.swift */,
				T1B0000000000009 /* PaymentRequestDecoderTests.swift */,
				T1B000000000000A /* CurrencyTests.swift */,
				T1B000000000000B /* ReceiveAutoPasteTests.swift */,
				T1B000000000000C /* HomeActionAccessibilityTests.swift */,
				T1B000000000000D /* CashuRequestRouteExplanationTests.swift */,
				C0A100000000000000000001 /* CashuRequestPaymentObservationTests.swift */,
				T1B000000000000E /* CrashReportSanitizerTests.swift */,
				AV00000000000012 /* AppVersionTests.swift */,
				T1B000000000000F /* HistorySearchTests.swift */,
				T1B0000000000010 /* WalletSurfaceCoordinatorTests.swift */,
				T1B0000000000011 /* ScanRouterTests.swift */,
			);
			name = CashuWalletTests;
			sourceTree = "<group>";
		};
		4000000000000000 = {
			isa = PBXGroup;
			children = (
				4100000000000001 /* CashuWallet */,
				6A8EC9592F26983E0058C21B /* Frameworks */,
				4100000000000002 /* Products */,
				172BA94269E4241413C46309 /* CashuWalletTests */,
				46FCF584756C5A2EEED0B106 /* CashuWalletUITests */,
				FB989C698CCB0CCD5FA8788D /* IntegrationTestConfig.swift */,
			);
			sourceTree = "<group>";
		};
		4100000000000001 /* CashuWallet */ = {
			isa = PBXGroup;
			children = (
				4200000000000001 /* App */,
				4200000000000002 /* Core */,
				4200000000000003 /* Models */,
				4200000000000004 /* Views */,
				4200000000000005 /* Resources */,
				F200000000000005 /* CashuWallet.entitlements */,
			);
			path = CashuWallet;
			sourceTree = "<group>";
		};
		4100000000000002 /* Products */ = {
			isa = PBXGroup;
			children = (
				0100000000000001 /* CashuWallet.app */,
				24A09ED243324E11C828B365 /* CashuWalletTests.xctest */,
				661C4ED74C24D2347947422A /* CashuWalletUITests.xctest */,
			);
			name = Products;
			sourceTree = "<group>";
		};
		4200000000000001 /* App */ = {
			isa = PBXGroup;
			children = (
				2100000000000001 /* CashuWalletApp.swift */,
				2100000000000002 /* ContentView.swift */,
			);
			path = App;
			sourceTree = "<group>";
		};
		4200000000000002 /* Core */ = {
			isa = PBXGroup;
			children = (
				72AF0EF42FEF2300001AD6AC /* SentryService.swift */,
				AA00000000000020 /* Protocols */,
				AA00000000000021 /* Navigation */,
				BB00000000000020 /* Services */,
				6A8EC9312F2448B60058C21B /* MintDiscoveryManager.swift */,
				6A8EC94D2F25A0000058C21B /* NostrService.swift */,
				6A8EC94F2F25A0000058C21B /* NPCService.swift */,
				CC000000000000A2 /* NWCManager.swift */,
				AC00000000000002 /* CashuRequestStore.swift */,
				6A8EC94B2F2590000058C21B /* PriceService.swift */,
				6A8EC92F2F2442EF0058C21B /* SettingsManager.swift */,
				D300000000000101 /* Wallet */,
				2100000000000005 /* KeychainService.swift */,
				EE00000000000014 /* TokenParser.swift */,
				EE00000000000015 /* AmountFormatter.swift */,
				AV00000000000011 /* AppVersion.swift */,
				EE00000000000016 /* LightningRequestParser.swift */,
				EE00000000000013 /* SettingsStore.swift */,
				EE00000000000012 /* WalletStore.swift */,
				DD00000000000011 /* AppLogger.swift */,
				DD00000000000012 /* BIP39WordList.swift */,
				DD00000000000013 /* HapticFeedback.swift */,
				F400000000000006 /* PaymentRequestDecoder.swift */,
				AC00000000000003 /* PaymentRequestBuilder.swift */,
				AC00000000000004 /* NIP44.swift */,
				AC00000000000005 /* NIP17.swift */,
				AC00000000000006 /* NostrInboxClient.swift */,
				AC0000000000000C /* NostrMintBackupService.swift */,
				AC00000000000007 /* CashuRequestListener.swift */,
			);
			path = Core;
			sourceTree = "<group>";
		};
		4200000000000003 /* Models */ = {
			isa = PBXGroup;
			children = (
				D300000000000201 /* Foundation */,
				D300000000000202 /* Mints */,
				D300000000000203 /* Payments */,
				D300000000000204 /* Quotes */,
				D300000000000205 /* Requests */,
				D300000000000206 /* Tokens */,
				D300000000000207 /* Transactions */,
				D300000000000208 /* WalletSupport */,
			);
			path = Models;
			sourceTree = "<group>";
		};
		4200000000000004 /* Views */ = {
			isa = PBXGroup;
			children = (
				4300000000000001 /* Main */,
				4300000000000002 /* Receive */,
				4300000000000003 /* Send */,
				4300000000000004 /* Mints */,
				4300000000000005 /* History */,
				4300000000000006 /* Settings */,
				4300000000000007 /* Components */,
			);
			path = Views;
			sourceTree = "<group>";
		};
		4200000000000005 /* Resources */ = {
			isa = PBXGroup;
			children = (
				2100000000000012 /* Assets.xcassets */,
			);
			path = Resources;
			sourceTree = "<group>";
		};
		4300000000000001 /* Main */ = {
			isa = PBXGroup;
			children = (
				2100000000000007 /* MainWalletView.swift */,
				2100000000000008 /* OnboardingView.swift */,
			);
			path = Main;
			sourceTree = "<group>";
		};
		4300000000000002 /* Receive */ = {
			isa = PBXGroup;
			children = (
				6A8EC9402F2576800058C21B /* ReceiveTokenDetailView.swift */,
				2100000000000009 /* ReceiveView.swift */,
				210000000000000A /* ReceiveLightningView.swift */,
				AC00000000000008 /* CashuRequestDetailView.swift */,
				AC0000000000000A /* CashuRequestMintPickerSheet.swift */,
				AC0000000000000B /* CashuRequestAmountPickerSheet.swift */,
			);
			path = Receive;
			sourceTree = "<group>";
		};
		4300000000000003 /* Send */ = {
			isa = PBXGroup;
			children = (
				F500000000000001 /* Components */,
				210000000000000B /* SendView.swift */,
			);
			path = Send;
			sourceTree = "<group>";
		};
		4300000000000004 /* Mints */ = {
			isa = PBXGroup;
			children = (
				210000000000000C /* MintsListView.swift */,
				21000000000000CC /* MintDetailView.swift */,
				21000000000000CE /* AddMintSheet.swift */,
				21000000000000CD /* MintDiscoverySheet.swift */,
			);
			path = Mints;
			sourceTree = "<group>";
		};
		4300000000000005 /* History */ = {
			isa = PBXGroup;
			children = (
				6A8EC9352F244C8C0058C21B /* TransactionDetailView.swift */,
				210000000000000D /* HistoryView.swift */,
			);
			path = History;
			sourceTree = "<group>";
		};
		4300000000000006 /* Settings */ = {
			isa = PBXGroup;
			children = (
				210000000000000E /* SettingsView.swift */,
				CC00000000000012 /* BackupSettingsSection.swift */,
				CC00000000000018 /* LightningAddressSettingsSection.swift */,
				CC00000000000015 /* NostrSettingsSection.swift */,
				CC000000000000B2 /* NWCSettingsSection.swift */,
				CC00000000000014 /* P2PKSettingsSection.swift */,
				CC00000000000016 /* PrivacySettingsSection.swift */,
				CC00000000000011 /* ThemeSettingsSection.swift */,
				CC00000000000017 /* AdvancedSettingsSection.swift */,
			);
			path = Settings;
			sourceTree = "<group>";
		};
		4300000000000007 /* Components */ = {
			isa = PBXGroup;
			children = (
				6A8EC9422F257FFB0058C21B /* ActivityOrbView.swift */,
				6A8EC9432F257FFB0058C21B /* AmountEntryView.swift */,
				6A8EC9442F257FFB0058C21B /* AnimatedBalanceView.swift */,
				6A8EC9492F2580000058C21B /* TransactionIcon.swift */,
				6A8EC9332F244BD80058C21B /* ScannerWrapperView.swift */,
				2100000000000010 /* QRCodeView.swift */,
				DD00000000000014 /* ErrorBannerView.swift */,
				3DC08FE85DFC643906176894 /* LiquidGlassModifiers.swift */,
				21000000000000CF /* MintMethodIcons.swift */,
				CC00000000000021 /* PressableButtonStyle.swift */,
				AB00000000000052 /* TransactionAmountColumn.swift */,
				AB00000000000053 /* CashuRequestAmountColumn.swift */,
			);
			path = Components;
			sourceTree = "<group>";
		};
		46FCF584756C5A2EEED0B106 /* CashuWalletUITests */ = {
			isa = PBXGroup;
			children = (
				99846FC03810AE4BE904466F /* WalletIntegrationTests.swift */,
				T1A0000000000001 /* MainTabUITests.swift */,
				T1A0000000000002 /* ReceiveUITests.swift */,
				T1A0000000000003 /* SettingsUITests.swift */,
				T1A0000000000004 /* UITestBase.swift */,
			);
			name = CashuWalletUITests;
			sourceTree = "<group>";
		};
		6A8EC9592F26983E0058C21B /* Frameworks */ = {
			isa = PBXGroup;
			children = (
				A663D259873B0B08B980CE94 /* iOS */,
			);
			name = Frameworks;
			sourceTree = "<group>";
		};
		A663D259873B0B08B980CE94 /* iOS */ = {
			isa = PBXGroup;
			children = (
				460F5508C2B82DAECD0FEDDB /* Foundation.framework */,
			);
			name = iOS;
			sourceTree = "<group>";
		};
		AA00000000000020 /* Protocols */ = {
			isa = PBXGroup;
			children = (
				AA00000000000011 /* PaymentMethodProtocol.swift */,
				AA00000000000012 /* CurrencyProtocol.swift */,
				AA00000000000013 /* WalletServiceProtocol.swift */,
				AA00000000000014 /* StorageProtocol.swift */,
			);
			path = Protocols;
			sourceTree = "<group>";
		};
		AA00000000000021 /* Navigation */ = {
			isa = PBXGroup;
			children = (
				AA00000000000015 /* NavigationManager.swift */,
			);
			path = Navigation;
			sourceTree = "<group>";
		};
		BB00000000000020 /* Services */ = {
			isa = PBXGroup;
			children = (
				BB00000000000011 /* MintService.swift */,
				F200000000000001 /* NDEFTextRecordCoder.swift */,
				F200000000000002 /* NFCReaderDelegate.swift */,
				F200000000000003 /* NFCPaymentService.swift */,
				F200000000000004 /* ContactlessPaymentCoordinator.swift */,
				BB00000000000012 /* TransactionService.swift */,
				BB00000000000013 /* TokenService.swift */,
				BB00000000000014 /* LightningService.swift */,
			);
			path = Services;
			sourceTree = "<group>";
		};
		D300000000000101 /* Wallet */ = {
			isa = PBXGroup;
			children = (
				2100000000000004 /* WalletManager.swift */,
				D100000000000101 /* WalletManager+Lifecycle.swift */,
				D100000000000102 /* WalletManager+NPC.swift */,
				D100000000000103 /* WalletManager+Mints.swift */,
				D100000000000104 /* WalletManager+Lightning.swift */,
				D10000000000010A /* WalletManager+PendingMelts.swift */,
				D100000000000105 /* WalletManager+CashuPaymentRequests.swift */,
				D100000000000106 /* WalletManager+Tokens.swift */,
				D100000000000107 /* WalletManager+MintQuoteSync.swift */,
				D10000000000010B /* MintQuoteCheckBackoff.swift */,
				D100000000000108 /* WalletManager+Backup.swift */,
				D100000000000109 /* WalletErrors.swift */,
				D10000000000010C /* PendingTokenClaim.swift */,
			);
			path = Wallet;
			sourceTree = "<group>";
		};
		D300000000000201 /* Foundation */ = {
			isa = PBXGroup;
			children = (
				D100000000000212 /* Data+Hashing.swift */,
				D100000000000205 /* WalletNotifications.swift */,
			);
			path = Foundation;
			sourceTree = "<group>";
		};
		D300000000000202 /* Mints */ = {
			isa = PBXGroup;
			children = (
				D100000000000204 /* MintInfo.swift */,
			);
			path = Mints;
			sourceTree = "<group>";
		};
		D300000000000203 /* Payments */ = {
			isa = PBXGroup;
			children = (
				D100000000000201 /* PaymentMethodKind.swift */,
				D100000000000202 /* PaymentRequestParser.swift */,
				D100000000000203 /* OnchainExplorer.swift */,
			);
			path = Payments;
			sourceTree = "<group>";
		};
		D300000000000204 /* Quotes */ = {
			isa = PBXGroup;
			children = (
				D100000000000206 /* QuoteModels.swift */,
				D100000000000207 /* QuoteStates.swift */,
			);
			path = Quotes;
			sourceTree = "<group>";
		};
		D300000000000205 /* Requests */ = {
			isa = PBXGroup;
			children = (
				AC00000000000001 /* CashuRequest.swift */,
			);
			path = Requests;
			sourceTree = "<group>";
		};
		D300000000000206 /* Tokens */ = {
			isa = PBXGroup;
			children = (
				D100000000000211 /* TokenInfo.swift */,
				D100000000000209 /* TokenTransferModels.swift */,
			);
			path = Tokens;
			sourceTree = "<group>";
		};
		D300000000000207 /* Transactions */ = {
			isa = PBXGroup;
			children = (
				D100000000000208 /* WalletTransaction.swift */,
				D100000000000213 /* WalletTransactionDetailLookup.swift */,
			);
			path = Transactions;
			sourceTree = "<group>";
		};
		D300000000000208 /* WalletSupport */ = {
			isa = PBXGroup;
			children = (
				D100000000000210 /* RestoreMintResult.swift */,
			);
			path = WalletSupport;
			sourceTree = "<group>";
		};
		F500000000000001 /* Components */ = {
			isa = PBXGroup;
			children = (
				F400000000000001 /* CurrencyAmountDisplay.swift */,
				F400000000000002 /* NumberPadAmountInput.swift */,
				F400000000000003 /* AuthorizingOverlay.swift */,
				F400000000000004 /* ClipboardPaymentChip.swift */,
			);
			path = Components;
			sourceTree = "<group>";
		};
/* End PBXGroup section */

/* Begin PBXNativeTarget section */
		5100000000000001 /* CashuWallet */ = {
			isa = PBXNativeTarget;
			buildConfigurationList = 6100000000000001 /* Build configuration list for PBXNativeTarget "CashuWallet" */;
			buildPhases = (
				5200000000000001 /* Sources */,
				3100000000000001 /* Frameworks */,
				5200000000000002 /* Resources */,
				52000000000000F1 /* Fix CashuDevKitFFI Info.plist */,
			);
			buildRules = (
			);
			dependencies = (
			);
			name = CashuWallet;
			packageProductDependencies = (
				6A8EC93E2F256F350058C21B /* URKit */,
				6A8EC95A2F26983E0058C21B /* P256K */,
				720E47A52FEC721E00E02CD0 /* Cdk */,
				AACC000000000002 /* Sentry */,
			);
			productName = CashuWallet;
			productReference = 0100000000000001 /* CashuWallet.app */;
			productType = "com.apple.product-type.application";
		};
		AFC8B1DEC85E45AF663C36B4 /* CashuWalletTests */ = {
			isa = PBXNativeTarget;
			buildConfigurationList = 7D8B921369B95115EFA884BE /* Build configuration list for PBXNativeTarget "CashuWalletTests" */;
			buildPhases = (
				50FE5B3FF5CE09CCCE522FF2 /* Sources */,
				D7063CEB27C3A787F34A0AEF /* Frameworks */,
				8FA94E341B228F5316441F9A /* Resources */,
			);
			buildRules = (
			);
			dependencies = (
				0567D6BBCBFC27AA85E60773 /* PBXTargetDependency */,
			);
			name = CashuWalletTests;
			packageProductDependencies = (
				E118F77A2062DDD58C0A6DA3 /* Cdk */,
			);
			productName = CashuWalletTests;
			productReference = 24A09ED243324E11C828B365 /* CashuWalletTests.xctest */;
			productType = "com.apple.product-type.bundle.unit-test";
		};
		B1B0E17344AC15825896A0EC /* CashuWalletUITests */ = {
			isa = PBXNativeTarget;
			buildConfigurationList = 39B99ECA72BC3A01061D4BE5 /* Build configuration list for PBXNativeTarget "CashuWalletUITests" */;
			buildPhases = (
				61F56F654B87355191E13597 /* Sources */,
				DBD39D736FB1781D022E612F /* Frameworks */,
				B6CEC43B081D9F65FDAB60CA /* Resources */,
			);
			buildRules = (
			);
			dependencies = (
				48CA8B91A181F2031B2AEE91 /* PBXTargetDependency */,
			);
			name = CashuWalletUITests;
			productName = CashuWalletUITests;
			productReference = 661C4ED74C24D2347947422A /* CashuWalletUITests.xctest */;
			productType = "com.apple.product-type.bundle.ui-testing";
		};
/* End PBXNativeTarget section */

/* Begin PBXProject section */
		5000000000000001 /* Project object */ = {
			isa = PBXProject;
			attributes = {
				BuildIndependentTargetsInParallel = 1;
				LastSwiftUpdateCheck = 1500;
				LastUpgradeCheck = 2650;
				TargetAttributes = {
					5100000000000001 = {
						CreatedOnToolsVersion = 15.0;
						SystemCapabilities = {
							com.apple.NearFieldCommunicationTagReading = {
								enabled = 1;
							};
						};
					};
				};
			};
			buildConfigurationList = 6000000000000001 /* Build configuration list for PBXProject "CashuWallet" */;
			compatibilityVersion = "Xcode 14.0";
			developmentRegion = en;
			hasScannedForEncodings = 0;
			knownRegions = (
				en,
				Base,
			);
			mainGroup = 4000000000000000;
			packageReferences = (
				6A8EC93D2F256F350058C21B /* XCRemoteSwiftPackageReference "URKit" */,
				7200000000000002 /* XCRemoteSwiftPackageReference "swift-secp256k1" */,
				720E47A42FEC721E00E02CD0 /* XCRemoteSwiftPackageReference "cdk-swift" */,
				AACC000000000001 /* XCRemoteSwiftPackageReference "sentry-cocoa" */,
			);
			productRefGroup = 4100000000000002 /* Products */;
			projectDirPath = "";
			projectRoot = "";
			targets = (
				5100000000000001 /* CashuWallet */,
				AFC8B1DEC85E45AF663C36B4 /* CashuWalletTests */,
				B1B0E17344AC15825896A0EC /* CashuWalletUITests */,
			);
		};
/* End PBXProject section */

/* Begin PBXResourcesBuildPhase section */
		5200000000000002 /* Resources */ = {
			isa = PBXResourcesBuildPhase;
			buildActionMask = 2147483647;
			files = (
				1100000000000012 /* Assets.xcassets in Resources */,
			);
			runOnlyForDeploymentPostprocessing = 0;
		};
		8FA94E341B228F5316441F9A /* Resources */ = {
			isa = PBXResourcesBuildPhase;
			buildActionMask = 2147483647;
			files = (
			);
			runOnlyForDeploymentPostprocessing = 0;
		};
		B6CEC43B081D9F65FDAB60CA /* Resources */ = {
			isa = PBXResourcesBuildPhase;
			buildActionMask = 2147483647;
			files = (
			);
			runOnlyForDeploymentPostprocessing = 0;
		};
/* End PBXResourcesBuildPhase section */

/* Begin PBXShellScriptBuildPhase section */
		52000000000000F1 /* Fix CashuDevKitFFI Info.plist */ = {
			isa = PBXShellScriptBuildPhase;
			alwaysOutOfDate = 1;
			buildActionMask = 2147483647;
			files = (
			);
			inputPaths = (
			);
			name = "Fix CashuDevKitFFI Info.plist";
			outputPaths = (
			);
			runOnlyForDeploymentPostprocessing = 0;
			shellPath = /bin/sh;
			shellScript = "\"${SRCROOT}/Scripts/fix-cashudevkit-plist.sh\"\n";
		};
/* End PBXShellScriptBuildPhase section */

/* Begin PBXSourcesBuildPhase section */
		50FE5B3FF5CE09CCCE522FF2 /* Sources */ = {
			isa = PBXSourcesBuildPhase;
			buildActionMask = 2147483647;
			files = (
				BF36C01CE0AB810E1B462448 /* IntegrationTestBase.swift in Sources */,
				349E3802577110813AC1A9E3 /* NutshellIntegrationTests.swift in Sources */,
				T2B0000000000001 /* InMemoryStorage.swift in Sources */,
				T2B0000000000002 /* WalletStoreTests.swift in Sources */,
				T2B0000000000003 /* MintServiceTests.swift in Sources */,
				T2B0000000000004 /* TransactionServiceTests.swift in Sources */,
				T2B0000000000005 /* NIP44Tests.swift in Sources */,
				T2B0000000000006 /* TokenServiceTests.swift in Sources */,
				T2B0000000000007 /* AmountFormatterTests.swift in Sources */,
				T2B0000000000008 /* TokenParserTests.swift in Sources */,
				T2B0000000000009 /* PaymentRequestDecoderTests.swift in Sources */,
				T2B000000000000A /* CurrencyTests.swift in Sources */,
				T2B000000000000B /* ReceiveAutoPasteTests.swift in Sources */,
				T2B000000000000C /* HomeActionAccessibilityTests.swift in Sources */,
				T2B000000000000D /* CashuRequestRouteExplanationTests.swift in Sources */,
				C0A100000000000000000002 /* CashuRequestPaymentObservationTests.swift in Sources */,
				T2B000000000000E /* CrashReportSanitizerTests.swift in Sources */,
				AV00000000000002 /* AppVersionTests.swift in Sources */,
				T2B000000000000F /* HistorySearchTests.swift in Sources */,
				T2B0000000000010 /* WalletSurfaceCoordinatorTests.swift in Sources */,
				T2B0000000000011 /* ScanRouterTests.swift in Sources */,
			);
			runOnlyForDeploymentPostprocessing = 0;
		};
		5200000000000001 /* Sources */ = {
			isa = PBXSourcesBuildPhase;
			buildActionMask = 2147483647;
			files = (
				1100000000000001 /* CashuWalletApp.swift in Sources */,
				6A8EC9342F244BD80058C21B /* ScannerWrapperView.swift in Sources */,
				1100000000000002 /* ContentView.swift in Sources */,
				6A8EC9362F244C8C0058C21B /* TransactionDetailView.swift in Sources */,
				1100000000000004 /* WalletManager.swift in Sources */,
				D200000000000101 /* WalletManager+Lifecycle.swift in Sources */,
				D200000000000102 /* WalletManager+NPC.swift in Sources */,
				D200000000000103 /* WalletManager+Mints.swift in Sources */,
				D200000000000104 /* WalletManager+Lightning.swift in Sources */,
				D20000000000010A /* WalletManager+PendingMelts.swift in Sources */,
				D200000000000105 /* WalletManager+CashuPaymentRequests.swift in Sources */,
				D200000000000106 /* WalletManager+Tokens.swift in Sources */,
				D200000000000107 /* WalletManager+MintQuoteSync.swift in Sources */,
				D20000000000010B /* MintQuoteCheckBackoff.swift in Sources */,
				D200000000000108 /* WalletManager+Backup.swift in Sources */,
				D200000000000109 /* WalletErrors.swift in Sources */,
				D20000000000010C /* PendingTokenClaim.swift in Sources */,
				D200000000000201 /* PaymentMethodKind.swift in Sources */,
				D200000000000202 /* PaymentRequestParser.swift in Sources */,
				D200000000000203 /* OnchainExplorer.swift in Sources */,
				D200000000000204 /* MintInfo.swift in Sources */,
				D200000000000205 /* WalletNotifications.swift in Sources */,
				D200000000000206 /* QuoteModels.swift in Sources */,
				D200000000000207 /* QuoteStates.swift in Sources */,
				D200000000000208 /* WalletTransaction.swift in Sources */,
				D200000000000213 /* WalletTransactionDetailLookup.swift in Sources */,
				D200000000000209 /* TokenTransferModels.swift in Sources */,
				D200000000000210 /* RestoreMintResult.swift in Sources */,
				D200000000000211 /* TokenInfo.swift in Sources */,
				D200000000000212 /* Data+Hashing.swift in Sources */,
				1100000000000005 /* KeychainService.swift in Sources */,
				AB00000000000001 /* CashuRequest.swift in Sources */,
				1100000000000007 /* MainWalletView.swift in Sources */,
				1100000000000008 /* OnboardingView.swift in Sources */,
				6A8EC9412F2576800058C21B /* ReceiveTokenDetailView.swift in Sources */,
				6A8EC9302F2442F00058C21B /* SettingsManager.swift in Sources */,
				1100000000000009 /* ReceiveView.swift in Sources */,
				6A8EC9322F2448B60058C21B /* MintDiscoveryManager.swift in Sources */,
				6A8EC9452F257FFB0058C21B /* ActivityOrbView.swift in Sources */,
				6A8EC9462F257FFB0058C21B /* AnimatedBalanceView.swift in Sources */,
				6A8EC9472F257FFB0058C21B /* AmountEntryView.swift in Sources */,
				110000000000000A /* ReceiveLightningView.swift in Sources */,
				110000000000000B /* SendView.swift in Sources */,
				110000000000000C /* MintsListView.swift in Sources */,
				11000000000000CC /* MintDetailView.swift in Sources */,
				11000000000000CE /* AddMintSheet.swift in Sources */,
				11000000000000CF /* MintMethodIcons.swift in Sources */,
				11000000000000CD /* MintDiscoverySheet.swift in Sources */,
				110000000000000D /* HistoryView.swift in Sources */,
				110000000000000E /* SettingsView.swift in Sources */,
				1100000000000010 /* QRCodeView.swift in Sources */,
				6A8EC9482F2580000058C21B /* TransactionIcon.swift in Sources */,
				6A8EC94A2F2590000058C21B /* PriceService.swift in Sources */,
				6A8EC94C2F25A0000058C21B /* NostrService.swift in Sources */,
				6A8EC94E2F25A0000058C21B /* NPCService.swift in Sources */,
				CC000000000000A1 /* NWCManager.swift in Sources */,
				AB00000000000002 /* CashuRequestStore.swift in Sources */,
				AA00000000000001 /* PaymentMethodProtocol.swift in Sources */,
				72AF0EF52FEF2300001AD6AC /* SentryService.swift in Sources */,
				AA00000000000002 /* CurrencyProtocol.swift in Sources */,
				AA00000000000003 /* WalletServiceProtocol.swift in Sources */,
				AA00000000000004 /* StorageProtocol.swift in Sources */,
				AA00000000000005 /* NavigationManager.swift in Sources */,
				BB00000000000001 /* MintService.swift in Sources */,
				BB00000000000002 /* TransactionService.swift in Sources */,
				BB00000000000003 /* TokenService.swift in Sources */,
				BB00000000000004 /* LightningService.swift in Sources */,
				CC00000000000001 /* ThemeSettingsSection.swift in Sources */,
				CC00000000000002 /* BackupSettingsSection.swift in Sources */,
				CC00000000000004 /* P2PKSettingsSection.swift in Sources */,
				CC00000000000005 /* NostrSettingsSection.swift in Sources */,
				CC000000000000B1 /* NWCSettingsSection.swift in Sources */,
				CC00000000000006 /* PrivacySettingsSection.swift in Sources */,
				CC00000000000007 /* AdvancedSettingsSection.swift in Sources */,
				CC00000000000020 /* PressableButtonStyle.swift in Sources */,
				AB00000000000050 /* TransactionAmountColumn.swift in Sources */,
				AB00000000000051 /* CashuRequestAmountColumn.swift in Sources */,
				CC00000000000008 /* LightningAddressSettingsSection.swift in Sources */,
				DD00000000000001 /* AppLogger.swift in Sources */,
				DD00000000000002 /* BIP39WordList.swift in Sources */,
				DD00000000000003 /* HapticFeedback.swift in Sources */,
				DD00000000000004 /* ErrorBannerView.swift in Sources */,
				EE00000000000004 /* TokenParser.swift in Sources */,
				EE00000000000005 /* AmountFormatter.swift in Sources */,
				AV00000000000001 /* AppVersion.swift in Sources */,
				EE00000000000006 /* LightningRequestParser.swift in Sources */,
				EE00000000000003 /* SettingsStore.swift in Sources */,
				EE00000000000002 /* WalletStore.swift in Sources */,
				264054F18D12335595328FBC /* LiquidGlassModifiers.swift in Sources */,
				F100000000000001 /* NDEFTextRecordCoder.swift in Sources */,
				F100000000000002 /* NFCReaderDelegate.swift in Sources */,
				F100000000000003 /* NFCPaymentService.swift in Sources */,
				F100000000000004 /* ContactlessPaymentCoordinator.swift in Sources */,
				F300000000000001 /* CurrencyAmountDisplay.swift in Sources */,
				F300000000000002 /* NumberPadAmountInput.swift in Sources */,
				F300000000000003 /* AuthorizingOverlay.swift in Sources */,
				F300000000000004 /* ClipboardPaymentChip.swift in Sources */,
				F300000000000006 /* PaymentRequestDecoder.swift in Sources */,
				AB00000000000003 /* PaymentRequestBuilder.swift in Sources */,
				AB00000000000004 /* NIP44.swift in Sources */,
				AB00000000000005 /* NIP17.swift in Sources */,
				AB00000000000006 /* NostrInboxClient.swift in Sources */,
				AB0000000000000C /* NostrMintBackupService.swift in Sources */,
				AB00000000000007 /* CashuRequestListener.swift in Sources */,
				AB00000000000008 /* CashuRequestDetailView.swift in Sources */,
				AB0000000000000A /* CashuRequestMintPickerSheet.swift in Sources */,
				AB0000000000000B /* CashuRequestAmountPickerSheet.swift in Sources */,
				FC31D408CB5FAB113E9A5327 /* IntegrationTestConfig.swift in Sources */,
			);
			runOnlyForDeploymentPostprocessing = 0;
		};
		61F56F654B87355191E13597 /* Sources */ = {
			isa = PBXSourcesBuildPhase;
			buildActionMask = 2147483647;
			files = (
				67BDAA1154A191D7ACD57E34 /* WalletIntegrationTests.swift in Sources */,
				T2A0000000000001 /* MainTabUITests.swift in Sources */,
				T2A0000000000002 /* ReceiveUITests.swift in Sources */,
				T2A0000000000003 /* SettingsUITests.swift in Sources */,
				T2A0000000000004 /* UITestBase.swift in Sources */,
			);
			runOnlyForDeploymentPostprocessing = 0;
		};
/* End PBXSourcesBuildPhase section */

/* Begin PBXTargetDependency section */
		0567D6BBCBFC27AA85E60773 /* PBXTargetDependency */ = {
			isa = PBXTargetDependency;
			name = CashuWallet;
			target = 5100000000000001 /* CashuWallet */;
			targetProxy = 0BB23F69253386F9E93BCF64 /* PBXContainerItemProxy */;
		};
		48CA8B91A181F2031B2AEE91 /* PBXTargetDependency */ = {
			isa = PBXTargetDependency;
			name = CashuWallet;
			target = 5100000000000001 /* CashuWallet */;
			targetProxy = A6EA6C0F4E10B077B2F25229 /* PBXContainerItemProxy */;
		};
/* End PBXTargetDependency section */

/* Begin XCBuildConfiguration section */
		37938FBD56075C5CF490EA40 /* Release */ = {
			isa = XCBuildConfiguration;
			buildSettings = {
				BUNDLE_LOADER = "$(TEST_HOST)";
				CLANG_ENABLE_OBJC_WEAK = NO;
				GENERATE_INFOPLIST_FILE = YES;
				IPHONEOS_DEPLOYMENT_TARGET = 18.0;
				PRODUCT_BUNDLE_IDENTIFIER = com.cashu.me.tests;
				PRODUCT_NAME = "$(TARGET_NAME)";
				SDKROOT = iphoneos;
				SWIFT_VERSION = 5.0;
				TEST_HOST = "$(BUILT_PRODUCTS_DIR)/CashuWallet.app/$(BUNDLE_EXECUTABLE_FOLDER_PATH)/CashuWallet";
				VALIDATE_PRODUCT = YES;
			};
			name = Release;
		};
		6200000000000001 /* Debug */ = {
			isa = XCBuildConfiguration;
			buildSettings = {
				ALWAYS_SEARCH_USER_PATHS = NO;
				ASSETCATALOG_COMPILER_GENERATE_SWIFT_ASSET_SYMBOL_EXTENSIONS = YES;
				CLANG_ANALYZER_NONNULL = YES;
				CLANG_ANALYZER_NUMBER_OBJECT_CONVERSION = YES_AGGRESSIVE;
				CLANG_CXX_LANGUAGE_STANDARD = "gnu++20";
				CLANG_ENABLE_MODULES = YES;
				CLANG_ENABLE_OBJC_ARC = YES;
				CLANG_ENABLE_OBJC_WEAK = YES;
				CLANG_WARN_BLOCK_CAPTURE_AUTORELEASING = YES;
				CLANG_WARN_BOOL_CONVERSION = YES;
				CLANG_WARN_COMMA = YES;
				CLANG_WARN_CONSTANT_CONVERSION = YES;
				CLANG_WARN_DEPRECATED_OBJC_IMPLEMENTATIONS = YES;
				CLANG_WARN_DIRECT_OBJC_ISA_USAGE = YES_ERROR;
				CLANG_WARN_DOCUMENTATION_COMMENTS = YES;
				CLANG_WARN_EMPTY_BODY = YES;
				CLANG_WARN_ENUM_CONVERSION = YES;
				CLANG_WARN_INFINITE_RECURSION = YES;
				CLANG_WARN_INT_CONVERSION = YES;
				CLANG_WARN_NON_LITERAL_NULL_CONVERSION = YES;
				CLANG_WARN_OBJC_IMPLICIT_RETAIN_SELF = YES;
				CLANG_WARN_OBJC_LITERAL_CONVERSION = YES;
				CLANG_WARN_OBJC_ROOT_CLASS = YES_ERROR;
				CLANG_WARN_QUOTED_INCLUDE_IN_FRAMEWORK_HEADER = YES;
				CLANG_WARN_RANGE_LOOP_ANALYSIS = YES;
				CLANG_WARN_STRICT_PROTOTYPES = YES;
				CLANG_WARN_SUSPICIOUS_MOVE = YES;
				CLANG_WARN_UNGUARDED_AVAILABILITY = YES_AGGRESSIVE;
				CLANG_WARN_UNREACHABLE_CODE = YES;
				CLANG_WARN__DUPLICATE_METHOD_MATCH = YES;
				COPY_PHASE_STRIP = NO;
				DEBUG_INFORMATION_FORMAT = dwarf;
				ENABLE_STRICT_OBJC_MSGSEND = YES;
				ENABLE_TESTABILITY = YES;
				ENABLE_USER_SCRIPT_SANDBOXING = NO;
				GCC_C_LANGUAGE_STANDARD = gnu17;
				GCC_DYNAMIC_NO_PIC = NO;
				GCC_NO_COMMON_BLOCKS = YES;
				GCC_OPTIMIZATION_LEVEL = 0;
				GCC_PREPROCESSOR_DEFINITIONS = (
					"DEBUG=1",
					"$(inherited)",
				);
				GCC_WARN_64_TO_32_BIT_CONVERSION = YES;
				GCC_WARN_ABOUT_RETURN_TYPE = YES_ERROR;
				GCC_WARN_UNDECLARED_SELECTOR = YES;
				GCC_WARN_UNINITIALIZED_AUTOS = YES_AGGRESSIVE;
				GCC_WARN_UNUSED_FUNCTION = YES;
				GCC_WARN_UNUSED_VARIABLE = YES;
				IPHONEOS_DEPLOYMENT_TARGET = 18.0;
				LOCALIZATION_PREFERS_STRING_CATALOGS = YES;
				MTL_ENABLE_DEBUG_INFO = INCLUDE_SOURCE;
				MTL_FAST_MATH = YES;
				ONLY_ACTIVE_ARCH = YES;
				SDKROOT = iphoneos;
				STRING_CATALOG_GENERATE_SYMBOLS = YES;
				SWIFT_ACTIVE_COMPILATION_CONDITIONS = "DEBUG $(inherited)";
				SWIFT_OPTIMIZATION_LEVEL = "-Onone";
			};
			name = Debug;
		};
		6200000000000002 /* Release */ = {
			isa = XCBuildConfiguration;
			buildSettings = {
				ALWAYS_SEARCH_USER_PATHS = NO;
				ASSETCATALOG_COMPILER_GENERATE_SWIFT_ASSET_SYMBOL_EXTENSIONS = YES;
				CLANG_ANALYZER_NONNULL = YES;
				CLANG_ANALYZER_NUMBER_OBJECT_CONVERSION = YES_AGGRESSIVE;
				CLANG_CXX_LANGUAGE_STANDARD = "gnu++20";
				CLANG_ENABLE_MODULES = YES;
				CLANG_ENABLE_OBJC_ARC = YES;
				CLANG_ENABLE_OBJC_WEAK = YES;
				CLANG_WARN_BLOCK_CAPTURE_AUTORELEASING = YES;
				CLANG_WARN_BOOL_CONVERSION = YES;
				CLANG_WARN_COMMA = YES;
				CLANG_WARN_CONSTANT_CONVERSION = YES;
				CLANG_WARN_DEPRECATED_OBJC_IMPLEMENTATIONS = YES;
				CLANG_WARN_DIRECT_OBJC_ISA_USAGE = YES_ERROR;
				CLANG_WARN_DOCUMENTATION_COMMENTS = YES;
				CLANG_WARN_EMPTY_BODY = YES;
				CLANG_WARN_ENUM_CONVERSION = YES;
				CLANG_WARN_INFINITE_RECURSION = YES;
				CLANG_WARN_INT_CONVERSION = YES;
				CLANG_WARN_NON_LITERAL_NULL_CONVERSION = YES;
				CLANG_WARN_OBJC_IMPLICIT_RETAIN_SELF = YES;
				CLANG_WARN_OBJC_LITERAL_CONVERSION = YES;
				CLANG_WARN_OBJC_ROOT_CLASS = YES_ERROR;
				CLANG_WARN_QUOTED_INCLUDE_IN_FRAMEWORK_HEADER = YES;
				CLANG_WARN_RANGE_LOOP_ANALYSIS = YES;
				CLANG_WARN_STRICT_PROTOTYPES = YES;
				CLANG_WARN_SUSPICIOUS_MOVE = YES;
				CLANG_WARN_UNGUARDED_AVAILABILITY = YES_AGGRESSIVE;
				CLANG_WARN_UNREACHABLE_CODE = YES;
				CLANG_WARN__DUPLICATE_METHOD_MATCH = YES;
				COPY_PHASE_STRIP = NO;
				DEBUG_INFORMATION_FORMAT = "dwarf-with-dsym";
				ENABLE_NS_ASSERTIONS = NO;
				ENABLE_STRICT_OBJC_MSGSEND = YES;
				ENABLE_USER_SCRIPT_SANDBOXING = NO;
				GCC_C_LANGUAGE_STANDARD = gnu17;
				GCC_NO_COMMON_BLOCKS = YES;
				GCC_WARN_64_TO_32_BIT_CONVERSION = YES;
				GCC_WARN_ABOUT_RETURN_TYPE = YES_ERROR;
				GCC_WARN_UNDECLARED_SELECTOR = YES;
				GCC_WARN_UNINITIALIZED_AUTOS = YES_AGGRESSIVE;
				GCC_WARN_UNUSED_FUNCTION = YES;
				GCC_WARN_UNUSED_VARIABLE = YES;
				IPHONEOS_DEPLOYMENT_TARGET = 18.0;
				LOCALIZATION_PREFERS_STRING_CATALOGS = YES;
				MTL_ENABLE_DEBUG_INFO = NO;
				MTL_FAST_MATH = YES;
				SDKROOT = iphoneos;
				STRING_CATALOG_GENERATE_SYMBOLS = YES;
				SWIFT_COMPILATION_MODE = wholemodule;
				VALIDATE_PRODUCT = YES;
			};
			name = Release;
		};
		6300000000000001 /* Debug */ = {
			isa = XCBuildConfiguration;
			buildSettings = {
				ASSETCATALOG_COMPILER_APPICON_NAME = AppIcon;
				ASSETCATALOG_COMPILER_GLOBAL_ACCENT_COLOR_NAME = AccentColor;
				CODE_SIGN_ENTITLEMENTS = CashuWallet/CashuWallet.entitlements;
				CODE_SIGN_STYLE = Automatic;
				CURRENT_PROJECT_VERSION = 1;
				DEVELOPMENT_TEAM = D7AHD3GLH6;
				ENABLE_PREVIEWS = YES;
				GENERATE_INFOPLIST_FILE = YES;
				INFOPLIST_FILE = CashuWallet/Info.plist;
				INFOPLIST_KEY_CFBundleDisplayName = Cashu;
				INFOPLIST_KEY_NFCReaderUsageDescription = "Hold your iPhone near a payment terminal or NFC tag to send Cashu ecash.";
				INFOPLIST_KEY_NSCameraUsageDescription = "Camera is used to scan QR codes for receiving ecash tokens and Lightning invoices.";
				INFOPLIST_KEY_NSFaceIDUsageDescription = "Cashu Wallet uses Face ID to unlock the app and protect your funds.";
				INFOPLIST_KEY_UIApplicationSceneManifest_Generation = YES;
				INFOPLIST_KEY_UIApplicationSupportsIndirectInputEvents = YES;
				INFOPLIST_KEY_UILaunchScreen_Generation = YES;
				INFOPLIST_KEY_UISupportedInterfaceOrientations_iPad = "UIInterfaceOrientationPortrait UIInterfaceOrientationPortraitUpsideDown UIInterfaceOrientationLandscapeLeft UIInterfaceOrientationLandscapeRight";
				INFOPLIST_KEY_UISupportedInterfaceOrientations_iPhone = UIInterfaceOrientationPortrait;
				LD_RUNPATH_SEARCH_PATHS = (
					"$(inherited)",
					"@executable_path/Frameworks",
				);
				MARKETING_VERSION = 1.0;
				OTHER_LDFLAGS = (
					"$(inherited)",
					"-framework",
					SystemConfiguration,
				);
				PRODUCT_BUNDLE_IDENTIFIER = com.cashu.me;
				PRODUCT_NAME = "$(TARGET_NAME)";
				SWIFT_EMIT_LOC_STRINGS = YES;
				SWIFT_VERSION = 5.0;
				TARGETED_DEVICE_FAMILY = "1,2";
			};
			name = Debug;
		};
		6300000000000002 /* Release */ = {
			isa = XCBuildConfiguration;
			buildSettings = {
				ASSETCATALOG_COMPILER_APPICON_NAME = AppIcon;
				ASSETCATALOG_COMPILER_GLOBAL_ACCENT_COLOR_NAME = AccentColor;
				CODE_SIGN_ENTITLEMENTS = CashuWallet/CashuWallet.entitlements;
				CODE_SIGN_STYLE = Automatic;
				CURRENT_PROJECT_VERSION = 1;
				DEVELOPMENT_TEAM = D7AHD3GLH6;
				ENABLE_PREVIEWS = YES;
				GENERATE_INFOPLIST_FILE = YES;
				INFOPLIST_FILE = CashuWallet/Info.plist;
				INFOPLIST_KEY_CFBundleDisplayName = Cashu;
				INFOPLIST_KEY_NFCReaderUsageDescription = "Hold your iPhone near a payment terminal or NFC tag to send Cashu ecash.";
				INFOPLIST_KEY_NSCameraUsageDescription = "Camera is used to scan QR codes for receiving ecash tokens and Lightning invoices.";
				INFOPLIST_KEY_NSFaceIDUsageDescription = "Cashu Wallet uses Face ID to unlock the app and protect your funds.";
				INFOPLIST_KEY_UIApplicationSceneManifest_Generation = YES;
				INFOPLIST_KEY_UIApplicationSupportsIndirectInputEvents = YES;
				INFOPLIST_KEY_UILaunchScreen_Generation = YES;
				INFOPLIST_KEY_UISupportedInterfaceOrientations_iPad = "UIInterfaceOrientationPortrait UIInterfaceOrientationPortraitUpsideDown UIInterfaceOrientationLandscapeLeft UIInterfaceOrientationLandscapeRight";
				INFOPLIST_KEY_UISupportedInterfaceOrientations_iPhone = UIInterfaceOrientationPortrait;
				LD_RUNPATH_SEARCH_PATHS = (
					"$(inherited)",
					"@executable_path/Frameworks",
				);
				MARKETING_VERSION = 1.0;
				OTHER_LDFLAGS = (
					"$(inherited)",
					"-framework",
					SystemConfiguration,
				);
				PRODUCT_BUNDLE_IDENTIFIER = com.cashu.me;
				PRODUCT_NAME = "$(TARGET_NAME)";
				SWIFT_EMIT_LOC_STRINGS = YES;
				SWIFT_VERSION = 5.0;
				TARGETED_DEVICE_FAMILY = "1,2";
			};
			name = Release;
		};
		8CB0EFD900130D45E5FBD3FB /* Release */ = {
			isa = XCBuildConfiguration;
			buildSettings = {
				CLANG_ENABLE_OBJC_WEAK = NO;
				DEVELOPMENT_TEAM = "";
				GENERATE_INFOPLIST_FILE = YES;
				IPHONEOS_DEPLOYMENT_TARGET = 18.0;
				PRODUCT_BUNDLE_IDENTIFIER = com.cashu.me.uitests;
				PRODUCT_NAME = "$(TARGET_NAME)";
				SDKROOT = iphoneos;
				SWIFT_VERSION = 5.0;
				TEST_TARGET_NAME = CashuWallet;
				VALIDATE_PRODUCT = YES;
			};
			name = Release;
		};
		917E65B1C6FCEC91C2646D0E /* Debug */ = {
			isa = XCBuildConfiguration;
			buildSettings = {
				CLANG_ENABLE_OBJC_WEAK = NO;
				DEVELOPMENT_TEAM = "";
				GENERATE_INFOPLIST_FILE = YES;
				IPHONEOS_DEPLOYMENT_TARGET = 18.0;
				PRODUCT_BUNDLE_IDENTIFIER = com.cashu.me.uitests;
				PRODUCT_NAME = "$(TARGET_NAME)";
				SDKROOT = iphoneos;
				SWIFT_VERSION = 5.0;
				TEST_TARGET_NAME = CashuWallet;
			};
			name = Debug;
		};
		A9A5C3B193FDDAC1B8AED0F1 /* Debug */ = {
			isa = XCBuildConfiguration;
			buildSettings = {
				BUNDLE_LOADER = "$(TEST_HOST)";
				CLANG_ENABLE_OBJC_WEAK = NO;
				GENERATE_INFOPLIST_FILE = YES;
				IPHONEOS_DEPLOYMENT_TARGET = 18.0;
				PRODUCT_BUNDLE_IDENTIFIER = com.cashu.me.tests;
				PRODUCT_NAME = "$(TARGET_NAME)";
				SDKROOT = iphoneos;
				SWIFT_VERSION = 5.0;
				TEST_HOST = "$(BUILT_PRODUCTS_DIR)/CashuWallet.app/$(BUNDLE_EXECUTABLE_FOLDER_PATH)/CashuWallet";
			};
			name = Debug;
		};
/* End XCBuildConfiguration section */

/* Begin XCConfigurationList section */
		39B99ECA72BC3A01061D4BE5 /* Build configuration list for PBXNativeTarget "CashuWalletUITests" */ = {
			isa = XCConfigurationList;
			buildConfigurations = (
				8CB0EFD900130D45E5FBD3FB /* Release */,
				917E65B1C6FCEC91C2646D0E /* Debug */,
			);
			defaultConfigurationIsVisible = 0;
			defaultConfigurationName = Release;
		};
		6000000000000001 /* Build configuration list for PBXProject "CashuWallet" */ = {
			isa = XCConfigurationList;
			buildConfigurations = (
				6200000000000001 /* Debug */,
				6200000000000002 /* Release */,
			);
			defaultConfigurationIsVisible = 0;
			defaultConfigurationName = Release;
		};
		6100000000000001 /* Build configuration list for PBXNativeTarget "CashuWallet" */ = {
			isa = XCConfigurationList;
			buildConfigurations = (
				6300000000000001 /* Debug */,
				6300000000000002 /* Release */,
			);
			defaultConfigurationIsVisible = 0;
			defaultConfigurationName = Release;
		};
		7D8B921369B95115EFA884BE /* Build configuration list for PBXNativeTarget "CashuWalletTests" */ = {
			isa = XCConfigurationList;
			buildConfigurations = (
				37938FBD56075C5CF490EA40 /* Release */,
				A9A5C3B193FDDAC1B8AED0F1 /* Debug */,
			);
			defaultConfigurationIsVisible = 0;
			defaultConfigurationName = Release;
		};
/* End XCConfigurationList section */

/* Begin XCRemoteSwiftPackageReference section */
		6A8EC93D2F256F350058C21B /* XCRemoteSwiftPackageReference "URKit" */ = {
			isa = XCRemoteSwiftPackageReference;
			repositoryURL = "https://github.com/BlockchainCommons/URKit.git";
			requirement = {
				kind = upToNextMajorVersion;
				minimumVersion = 15.1.0;
			};
		};
		7200000000000002 /* XCRemoteSwiftPackageReference "swift-secp256k1" */ = {
			isa = XCRemoteSwiftPackageReference;
			repositoryURL = "https://github.com/21-DOT-DEV/swift-secp256k1.git";
			requirement = {
				kind = upToNextMajorVersion;
				minimumVersion = 0.18.0;
			};
		};
		720E47A42FEC721E00E02CD0 /* XCRemoteSwiftPackageReference "cdk-swift" */ = {
			isa = XCRemoteSwiftPackageReference;
			repositoryURL = "https://github.com/cashubtc/cdk-swift";
			requirement = {
				kind = exactVersion;
				version = "0.17.3-rc.0";
			};
		};
		AACC000000000001 /* XCRemoteSwiftPackageReference "sentry-cocoa" */ = {
			isa = XCRemoteSwiftPackageReference;
			repositoryURL = "https://github.com/getsentry/sentry-cocoa";
			requirement = {
				kind = upToNextMajorVersion;
				minimumVersion = 8.0.0;
			};
		};
/* End XCRemoteSwiftPackageReference section */

/* Begin XCSwiftPackageProductDependency section */
		6A8EC93E2F256F350058C21B /* URKit */ = {
			isa = XCSwiftPackageProductDependency;
			package = 6A8EC93D2F256F350058C21B /* XCRemoteSwiftPackageReference "URKit" */;
			productName = URKit;
		};
		6A8EC95A2F26983E0058C21B /* P256K */ = {
			isa = XCSwiftPackageProductDependency;
			package = 7200000000000002 /* XCRemoteSwiftPackageReference "swift-secp256k1" */;
			productName = P256K;
		};
		720E47A52FEC721E00E02CD0 /* Cdk */ = {
			isa = XCSwiftPackageProductDependency;
			package = 720E47A42FEC721E00E02CD0 /* XCRemoteSwiftPackageReference "cdk-swift" */;
			productName = Cdk;
		};
		AACC000000000002 /* Sentry */ = {
			isa = XCSwiftPackageProductDependency;
			package = AACC000000000001 /* XCRemoteSwiftPackageReference "sentry-cocoa" */;
			productName = Sentry;
		};
		E118F77A2062DDD58C0A6DA3 /* Cdk */ = {
			isa = XCSwiftPackageProductDependency;
			package = 720E47A42FEC721E00E02CD0 /* XCRemoteSwiftPackageReference "cdk-swift" */;
			productName = Cdk;
		};
/* End XCSwiftPackageProductDependency section */
	};
	rootObject = 5000000000000001 /* Project object */;
}
